// !$*UTF8*$!
{
	archiveVersion = 1;
	classes = {
	};
	objectVersion = 50;
	objects = {

/* Begin PBXBuildFile section */
		0903221AC33FE1F8BE6311F9 /* Pods_SwiftBrandonUITests.framework in Frameworks */ = {isa = PBXBuildFile; fileRef = EE4640E5E41CEBBE7D8A3F86 /* Pods_SwiftBrandonUITests.framework */; };
		4A42B4964544CD562CE215AC /* Pods_SwiftBrandon.framework in Frameworks */ = {isa = PBXBuildFile; fileRef = E25D3453E55F69C9A66E104D /* Pods_SwiftBrandon.framework */; };
		AF68F092223684D000F44B7B /* SBrBaseViewController.swift in Sources */ = {isa = PBXBuildFile; fileRef = AF68F091223684D000F44B7B /* SBrBaseViewController.swift */; };
		AF68F094223684E500F44B7B /* SBrBaseView.swift in Sources */ = {isa = PBXBuildFile; fileRef = AF68F093223684E500F44B7B /* SBrBaseView.swift */; };
		AF68F09A223685E000F44B7B /* SBrHomeViewController.swift in Sources */ = {isa = PBXBuildFile; fileRef = AF68F099223685E000F44B7B /* SBrHomeViewController.swift */; };
		AF68F09C223685ED00F44B7B /* SBrMessageViewController.swift in Sources */ = {isa = PBXBuildFile; fileRef = AF68F09B223685ED00F44B7B /* SBrMessageViewController.swift */; };
		AF68F09E223685F900F44B7B /* SBrDiscoverViewController.swift in Sources */ = {isa = PBXBuildFile; fileRef = AF68F09D223685F900F44B7B /* SBrDiscoverViewController.swift */; };
		AF68F0A02236860400F44B7B /* SBrMineViewController.swift in Sources */ = {isa = PBXBuildFile; fileRef = AF68F09F2236860400F44B7B /* SBrMineViewController.swift */; };
		AF68F0A22236865D00F44B7B /* SBrSetViewController.swift in Sources */ = {isa = PBXBuildFile; fileRef = AF68F0A12236865D00F44B7B /* SBrSetViewController.swift */; };
		AF68F0AE2237729D00F44B7B /* like-cancel.json in Resources */ = {isa = PBXBuildFile; fileRef = AF68F0AC2237729D00F44B7B /* like-cancel.json */; };
		AF68F0AF2237729D00F44B7B /* like.json in Resources */ = {isa = PBXBuildFile; fileRef = AF68F0AD2237729D00F44B7B /* like.json */; };
		AF68F0B22237735100F44B7B /* 01.mp4 in Resources */ = {isa = PBXBuildFile; fileRef = AF68F0B12237735100F44B7B /* 01.mp4 */; };
		AF68F0B42237737D00F44B7B /* city.plist in Resources */ = {isa = PBXBuildFile; fileRef = AF68F0B32237737D00F44B7B /* city.plist */; };
		AF68F0B62237739200F44B7B /* color.json in Resources */ = {isa = PBXBuildFile; fileRef = AF68F0B52237739100F44B7B /* color.json */; };
		AF68F0B8223773D600F44B7B /* demo.json in Resources */ = {isa = PBXBuildFile; fileRef = AF68F0B7223773D500F44B7B /* demo.json */; };
		AF68F0BB2237842200F44B7B /* SBrVideoViewController.swift in Sources */ = {isa = PBXBuildFile; fileRef = AF68F0BA2237842200F44B7B /* SBrVideoViewController.swift */; };
		AF68F0BD223784E400F44B7B /* SBrColor.swift in Sources */ = {isa = PBXBuildFile; fileRef = AF68F0BC223784E400F44B7B /* SBrColor.swift */; };
		AF68F0C02237BC9F00F44B7B /* SBrTLVideoLiveController.swift in Sources */ = {isa = PBXBuildFile; fileRef = AF68F0BF2237BC9F00F44B7B /* SBrTLVideoLiveController.swift */; };
		AF68F0CD2237BD6C00F44B7B /* SBrTLVideoAttentionController.swift in Sources */ = {isa = PBXBuildFile; fileRef = AF68F0CC2237BD6C00F44B7B /* SBrTLVideoAttentionController.swift */; };
		AF68F0D02237BDA100F44B7B /* SBrTLVideoElseController.swift in Sources */ = {isa = PBXBuildFile; fileRef = AF68F0CF2237BDA100F44B7B /* SBrTLVideoElseController.swift */; };
		AF68F0D72237BDFB00F44B7B /* SBrTLVideoElseAPI.swift in Sources */ = {isa = PBXBuildFile; fileRef = AF68F0D62237BDFB00F44B7B /* SBrTLVideoElseAPI.swift */; };
		AF68F0DA2237C3F800F44B7B /* SBrVideoAPI.swift in Sources */ = {isa = PBXBuildFile; fileRef = AF68F0D92237C3F800F44B7B /* SBrVideoAPI.swift */; };
		AF68F0DC2237C91E00F44B7B /* SBrVideoModel.swift in Sources */ = {isa = PBXBuildFile; fileRef = AF68F0DB2237C91E00F44B7B /* SBrVideoModel.swift */; };
		AF68F0DE2237C9EB00F44B7B /* SBrVideoViewModel.swift in Sources */ = {isa = PBXBuildFile; fileRef = AF68F0DD2237C9EB00F44B7B /* SBrVideoViewModel.swift */; };
		AF68F0E02237D30C00F44B7B /* SBrVideoCategoryCell.swift in Sources */ = {isa = PBXBuildFile; fileRef = AF68F0DF2237D30C00F44B7B /* SBrVideoCategoryCell.swift */; };
		AF68F0E32237D42300F44B7B /* SBrHeader.swift in Sources */ = {isa = PBXBuildFile; fileRef = AF68F0E22237D42300F44B7B /* SBrHeader.swift */; };
		AF68F0F52238C9DC00F44B7B /* video_api_get_category_v3.json in Resources */ = {isa = PBXBuildFile; fileRef = AF68F0F42238C9DC00F44B7B /* video_api_get_category_v3.json */; };
		AF68F0F82238CE6600F44B7B /* MBProgressHUD+JJ.m in Sources */ = {isa = PBXBuildFile; fileRef = AF68F0F62238CE6600F44B7B /* MBProgressHUD+JJ.m */; };
		AF68F0FF2238F1D700F44B7B /* SBrTLVideoElseCell.swift in Sources */ = {isa = PBXBuildFile; fileRef = AF68F0FD2238F1D700F44B7B /* SBrTLVideoElseCell.swift */; };
		AF68F1002238F1D700F44B7B /* SBrTLVideoElseCell.xib in Resources */ = {isa = PBXBuildFile; fileRef = AF68F0FE2238F1D700F44B7B /* SBrTLVideoElseCell.xib */; };
		AF68F1032238F88400F44B7B /* video_api_tuijian.json in Resources */ = {isa = PBXBuildFile; fileRef = AF68F1012238F88400F44B7B /* video_api_tuijian.json */; };
		AF68F1042238F88400F44B7B /* video_api_zhibo.json in Resources */ = {isa = PBXBuildFile; fileRef = AF68F1022238F88400F44B7B /* video_api_zhibo.json */; };
		AF68F14D2239135700F44B7B /* UIImage+WebP.m in Sources */ = {isa = PBXBuildFile; fileRef = AF68F1072239135700F44B7B /* UIImage+WebP.m */; };
		AF68F14E2239135700F44B7B /* MKAnnotationView+WebCache.m in Sources */ = {isa = PBXBuildFile; fileRef = AF68F1082239135700F44B7B /* MKAnnotationView+WebCache.m */; };
		AF68F14F2239135700F44B7B /* SDWebImageManager.m in Sources */ = {isa = PBXBuildFile; fileRef = AF68F10F2239135700F44B7B /* SDWebImageManager.m */; };
		AF68F1502239135700F44B7B /* UIImageView+HighlightedWebCache.m in Sources */ = {isa = PBXBuildFile; fileRef = AF68F1112239135700F44B7B /* UIImageView+HighlightedWebCache.m */; };
		AF68F1512239135700F44B7B /* SDWebImageFrame.m in Sources */ = {isa = PBXBuildFile; fileRef = AF68F1122239135700F44B7B /* SDWebImageFrame.m */; };
		AF68F1522239135700F44B7B /* UIImage+ForceDecode.m in Sources */ = {isa = PBXBuildFile; fileRef = AF68F1142239135700F44B7B /* UIImage+ForceDecode.m */; };
		AF68F1532239135700F44B7B /* SDWebImageCodersManager.m in Sources */ = {isa = PBXBuildFile; fileRef = AF68F1162239135700F44B7B /* SDWebImageCodersManager.m */; };
		AF68F1542239135700F44B7B /* FLAnimatedImageView+WebCache.m in Sources */ = {isa = PBXBuildFile; fileRef = AF68F1182239135700F44B7B /* FLAnimatedImageView+WebCache.m */; };
		AF68F1552239135700F44B7B /* FLAnimatedImage.m in Sources */ = {isa = PBXBuildFile; fileRef = AF68F1192239135700F44B7B /* FLAnimatedImage.m */; };
		AF68F1562239135700F44B7B /* FLAnimatedImageView.m in Sources */ = {isa = PBXBuildFile; fileRef = AF68F11A2239135700F44B7B /* FLAnimatedImageView.m */; };
		AF68F1572239135700F44B7B /* SDWebImageDownloader.m in Sources */ = {isa = PBXBuildFile; fileRef = AF68F11F2239135700F44B7B /* SDWebImageDownloader.m */; };
		AF68F1582239135700F44B7B /* UIImage+GIF.m in Sources */ = {isa = PBXBuildFile; fileRef = AF68F1222239135700F44B7B /* UIImage+GIF.m */; };
		AF68F1592239135700F44B7B /* UIImage+MultiFormat.m in Sources */ = {isa = PBXBuildFile; fileRef = AF68F1242239135700F44B7B /* UIImage+MultiFormat.m */; };
		AF68F15A2239135700F44B7B /* SDWebImageCoderHelper.m in Sources */ = {isa = PBXBuildFile; fileRef = AF68F1252239135700F44B7B /* SDWebImageCoderHelper.m */; };
		AF68F15B2239135700F44B7B /* SDWebImageCompat.m in Sources */ = {isa = PBXBuildFile; fileRef = AF68F1262239135700F44B7B /* SDWebImageCompat.m */; };
		AF68F15C2239135700F44B7B /* SDWebImagePrefetcher.m in Sources */ = {isa = PBXBuildFile; fileRef = AF68F1282239135700F44B7B /* SDWebImagePrefetcher.m */; };
		AF68F15D2239135700F44B7B /* SDWebImageCoder.m in Sources */ = {isa = PBXBuildFile; fileRef = AF68F12B2239135700F44B7B /* SDWebImageCoder.m */; };
		AF68F15E2239135700F44B7B /* NSButton+WebCache.m in Sources */ = {isa = PBXBuildFile; fileRef = AF68F12C2239135700F44B7B /* NSButton+WebCache.m */; };
		AF68F15F2239135700F44B7B /* SDAnimatedImageRep.m in Sources */ = {isa = PBXBuildFile; fileRef = AF68F12F2239135700F44B7B /* SDAnimatedImageRep.m */; };
		AF68F1602239135700F44B7B /* SDImageCache.m in Sources */ = {isa = PBXBuildFile; fileRef = AF68F1302239135700F44B7B /* SDImageCache.m */; };
		AF68F1612239135700F44B7B /* SDWebImageDownloaderOperation.m in Sources */ = {isa = PBXBuildFile; fileRef = AF68F1332239135700F44B7B /* SDWebImageDownloaderOperation.m */; };
		AF68F1622239135700F44B7B /* SDWebImageTransition.m in Sources */ = {isa = PBXBuildFile; fileRef = AF68F1342239135700F44B7B /* SDWebImageTransition.m */; };
		AF68F1632239135700F44B7B /* NSData+ImageContentType.m in Sources */ = {isa = PBXBuildFile; fileRef = AF68F1362239135700F44B7B /* NSData+ImageContentType.m */; };
		AF68F1642239135700F44B7B /* UIImageView+WebCache.m in Sources */ = {isa = PBXBuildFile; fileRef = AF68F1372239135700F44B7B /* UIImageView+WebCache.m */; };
		AF68F1652239135700F44B7B /* NSImage+WebCache.m in Sources */ = {isa = PBXBuildFile; fileRef = AF68F1392239135700F44B7B /* NSImage+WebCache.m */; };
		AF68F1662239135700F44B7B /* SDWebImageGIFCoder.m in Sources */ = {isa = PBXBuildFile; fileRef = AF68F13A2239135700F44B7B /* SDWebImageGIFCoder.m */; };
		AF68F1672239135700F44B7B /* UIImage+MemoryCacheCost.m in Sources */ = {isa = PBXBuildFile; fileRef = AF68F13C2239135700F44B7B /* UIImage+MemoryCacheCost.m */; };
		AF68F1682239135700F44B7B /* SDImageCacheConfig.m in Sources */ = {isa = PBXBuildFile; fileRef = AF68F13D2239135700F44B7B /* SDImageCacheConfig.m */; };
		AF68F1692239135700F44B7B /* UIView+WebCacheOperation.m in Sources */ = {isa = PBXBuildFile; fileRef = AF68F1402239135700F44B7B /* UIView+WebCacheOperation.m */; };
		AF68F16A2239135700F44B7B /* UIView+WebCache.m in Sources */ = {isa = PBXBuildFile; fileRef = AF68F1412239135700F44B7B /* UIView+WebCache.m */; };
		AF68F16B2239135700F44B7B /* SDWebImageImageIOCoder.m in Sources */ = {isa = PBXBuildFile; fileRef = AF68F1432239135700F44B7B /* SDWebImageImageIOCoder.m */; };
		AF68F16C2239135700F44B7B /* WebP.framework in Frameworks */ = {isa = PBXBuildFile; fileRef = AF68F1472239135700F44B7B /* WebP.framework */; };
		AF68F16D2239135700F44B7B /* WebP.sh in Resources */ = {isa = PBXBuildFile; fileRef = AF68F1482239135700F44B7B /* WebP.sh */; };
		AF68F16E2239135700F44B7B /* UIButton+WebCache.m in Sources */ = {isa = PBXBuildFile; fileRef = AF68F14A2239135700F44B7B /* UIButton+WebCache.m */; };
		AF68F16F2239135700F44B7B /* SDWebImageWebPCoder.m in Sources */ = {isa = PBXBuildFile; fileRef = AF68F14B2239135700F44B7B /* SDWebImageWebPCoder.m */; };
		AFE37B362226586A00738B31 /* AppDelegate.swift in Sources */ = {isa = PBXBuildFile; fileRef = AFE37B352226586A00738B31 /* AppDelegate.swift */; };
		AFE37B382226586A00738B31 /* ViewController.swift in Sources */ = {isa = PBXBuildFile; fileRef = AFE37B372226586A00738B31 /* ViewController.swift */; };
		AFE37B3B2226586A00738B31 /* Main.storyboard in Resources */ = {isa = PBXBuildFile; fileRef = AFE37B392226586A00738B31 /* Main.storyboard */; };
		AFE37B3D2226586C00738B31 /* Assets.xcassets in Resources */ = {isa = PBXBuildFile; fileRef = AFE37B3C2226586C00738B31 /* Assets.xcassets */; };
		AFE37B402226586C00738B31 /* LaunchScreen.storyboard in Resources */ = {isa = PBXBuildFile; fileRef = AFE37B3E2226586C00738B31 /* LaunchScreen.storyboard */; };
		AFE37B4B2226586C00738B31 /* SwiftBrandonTests.swift in Sources */ = {isa = PBXBuildFile; fileRef = AFE37B4A2226586C00738B31 /* SwiftBrandonTests.swift */; };
		AFE37B562226586C00738B31 /* SwiftBrandonUITests.swift in Sources */ = {isa = PBXBuildFile; fileRef = AFE37B552226586C00738B31 /* SwiftBrandonUITests.swift */; };
		AFE37B8B22265E6F00738B31 /* SBrTabBar.swift in Sources */ = {isa = PBXBuildFile; fileRef = AFE37B8A22265E6F00738B31 /* SBrTabBar.swift */; };
		AFE37B8D22265E8800738B31 /* SBrTabBarController.swift in Sources */ = {isa = PBXBuildFile; fileRef = AFE37B8C22265E8800738B31 /* SBrTabBarController.swift */; };
		AFE37B922226657B00738B31 /* UIView+SBrCategory.m in Sources */ = {isa = PBXBuildFile; fileRef = AFE37B912226657B00738B31 /* UIView+SBrCategory.m */; };
		AFE37B9522266B0000738B31 /* UIColor+Utils.m in Sources */ = {isa = PBXBuildFile; fileRef = AFE37B9422266B0000738B31 /* UIColor+Utils.m */; };
		AFE37B9722266CEE00738B31 /* SBrConstants.swift in Sources */ = {isa = PBXBuildFile; fileRef = AFE37B9622266CEE00738B31 /* SBrConstants.swift */; };
		AFE37B99222673A600738B31 /* SBrNavigationController.swift in Sources */ = {isa = PBXBuildFile; fileRef = AFE37B98222673A600738B31 /* SBrNavigationController.swift */; };
		C4555D2627AC5B65772B9CB4 /* Pods_SwiftBrandonTests.framework in Frameworks */ = {isa = PBXBuildFile; fileRef = F748ACBB2933700B6496EB26 /* Pods_SwiftBrandonTests.framework */; };
/* End PBXBuildFile section */

/* Begin PBXContainerItemProxy section */
		AFE37B472226586C00738B31 /* PBXContainerItemProxy */ = {
			isa = PBXContainerItemProxy;
			containerPortal = AFE37B2A2226586A00738B31 /* Project object */;
			proxyType = 1;
			remoteGlobalIDString = AFE37B312226586A00738B31;
			remoteInfo = SwiftBrandon;
		};
		AFE37B522226586C00738B31 /* PBXContainerItemProxy */ = {
			isa = PBXContainerItemProxy;
			containerPortal = AFE37B2A2226586A00738B31 /* Project object */;
			proxyType = 1;
			remoteGlobalIDString = AFE37B312226586A00738B31;
			remoteInfo = SwiftBrandon;
		};
/* End PBXContainerItemProxy section */

/* Begin PBXFileReference section */
		86A202A931B40A8C2D0B1D77 /* Pods-SwiftBrandon.debug.xcconfig */ = {isa = PBXFileReference; includeInIndex = 1; lastKnownFileType = text.xcconfig; name = "Pods-SwiftBrandon.debug.xcconfig"; path = "Pods/Target Support Files/Pods-SwiftBrandon/Pods-SwiftBrandon.debug.xcconfig"; sourceTree = "<group>"; };
		91DB197326C84DCE62BA207C /* Pods-SwiftBrandonTests.debug.xcconfig */ = {isa = PBXFileReference; includeInIndex = 1; lastKnownFileType = text.xcconfig; name = "Pods-SwiftBrandonTests.debug.xcconfig"; path = "Pods/Target Support Files/Pods-SwiftBrandonTests/Pods-SwiftBrandonTests.debug.xcconfig"; sourceTree = "<group>"; };
		95BA61F5BDDC1BFAB6AE6E5C /* Pods-SwiftBrandonUITests.release.xcconfig */ = {isa = PBXFileReference; includeInIndex = 1; lastKnownFileType = text.xcconfig; name = "Pods-SwiftBrandonUITests.release.xcconfig"; path = "Pods/Target Support Files/Pods-SwiftBrandonUITests/Pods-SwiftBrandonUITests.release.xcconfig"; sourceTree = "<group>"; };
		AF68F091223684D000F44B7B /* SBrBaseViewController.swift */ = {isa = PBXFileReference; lastKnownFileType = sourcecode.swift; path = SBrBaseViewController.swift; sourceTree = "<group>"; };
		AF68F093223684E500F44B7B /* SBrBaseView.swift */ = {isa = PBXFileReference; lastKnownFileType = sourcecode.swift; path = SBrBaseView.swift; sourceTree = "<group>"; };
		AF68F099223685E000F44B7B /* SBrHomeViewController.swift */ = {isa = PBXFileReference; lastKnownFileType = sourcecode.swift; path = SBrHomeViewController.swift; sourceTree = "<group>"; };
		AF68F09B223685ED00F44B7B /* SBrMessageViewController.swift */ = {isa = PBXFileReference; lastKnownFileType = sourcecode.swift; path = SBrMessageViewController.swift; sourceTree = "<group>"; };
		AF68F09D223685F900F44B7B /* SBrDiscoverViewController.swift */ = {isa = PBXFileReference; lastKnownFileType = sourcecode.swift; path = SBrDiscoverViewController.swift; sourceTree = "<group>"; };
		AF68F09F2236860400F44B7B /* SBrMineViewController.swift */ = {isa = PBXFileReference; lastKnownFileType = sourcecode.swift; path = SBrMineViewController.swift; sourceTree = "<group>"; };
		AF68F0A12236865D00F44B7B /* SBrSetViewController.swift */ = {isa = PBXFileReference; lastKnownFileType = sourcecode.swift; path = SBrSetViewController.swift; sourceTree = "<group>"; };
		AF68F0AC2237729D00F44B7B /* like-cancel.json */ = {isa = PBXFileReference; fileEncoding = 4; lastKnownFileType = text.json; path = "like-cancel.json"; sourceTree = "<group>"; };
		AF68F0AD2237729D00F44B7B /* like.json */ = {isa = PBXFileReference; fileEncoding = 4; lastKnownFileType = text.json; path = like.json; sourceTree = "<group>"; };
		AF68F0B12237735100F44B7B /* 01.mp4 */ = {isa = PBXFileReference; lastKnownFileType = file; path = 01.mp4; sourceTree = "<group>"; };
		AF68F0B32237737D00F44B7B /* city.plist */ = {isa = PBXFileReference; lastKnownFileType = file.bplist; path = city.plist; sourceTree = "<group>"; };
		AF68F0B52237739100F44B7B /* color.json */ = {isa = PBXFileReference; fileEncoding = 4; lastKnownFileType = text.json; path = color.json; sourceTree = "<group>"; };
		AF68F0B7223773D500F44B7B /* demo.json */ = {isa = PBXFileReference; fileEncoding = 4; lastKnownFileType = text.json; path = demo.json; sourceTree = "<group>"; };
		AF68F0BA2237842200F44B7B /* SBrVideoViewController.swift */ = {isa = PBXFileReference; lastKnownFileType = sourcecode.swift; path = SBrVideoViewController.swift; sourceTree = "<group>"; };
		AF68F0BC223784E400F44B7B /* SBrColor.swift */ = {isa = PBXFileReference; lastKnownFileType = sourcecode.swift; path = SBrColor.swift; sourceTree = "<group>"; };
		AF68F0BF2237BC9F00F44B7B /* SBrTLVideoLiveController.swift */ = {isa = PBXFileReference; lastKnownFileType = sourcecode.swift; path = SBrTLVideoLiveController.swift; sourceTree = "<group>"; };
		AF68F0CC2237BD6C00F44B7B /* SBrTLVideoAttentionController.swift */ = {isa = PBXFileReference; lastKnownFileType = sourcecode.swift; path = SBrTLVideoAttentionController.swift; sourceTree = "<group>"; };
		AF68F0CF2237BDA100F44B7B /* SBrTLVideoElseController.swift */ = {isa = PBXFileReference; lastKnownFileType = sourcecode.swift; path = SBrTLVideoElseController.swift; sourceTree = "<group>"; };
		AF68F0D62237BDFB00F44B7B /* SBrTLVideoElseAPI.swift */ = {isa = PBXFileReference; lastKnownFileType = sourcecode.swift; path = SBrTLVideoElseAPI.swift; sourceTree = "<group>"; };
		AF68F0D92237C3F800F44B7B /* SBrVideoAPI.swift */ = {isa = PBXFileReference; lastKnownFileType = sourcecode.swift; path = SBrVideoAPI.swift; sourceTree = "<group>"; };
		AF68F0DB2237C91E00F44B7B /* SBrVideoModel.swift */ = {isa = PBXFileReference; lastKnownFileType = sourcecode.swift; path = SBrVideoModel.swift; sourceTree = "<group>"; };
		AF68F0DD2237C9EB00F44B7B /* SBrVideoViewModel.swift */ = {isa = PBXFileReference; lastKnownFileType = sourcecode.swift; path = SBrVideoViewModel.swift; sourceTree = "<group>"; };
		AF68F0DF2237D30C00F44B7B /* SBrVideoCategoryCell.swift */ = {isa = PBXFileReference; lastKnownFileType = sourcecode.swift; path = SBrVideoCategoryCell.swift; sourceTree = "<group>"; };
		AF68F0E22237D42300F44B7B /* SBrHeader.swift */ = {isa = PBXFileReference; lastKnownFileType = sourcecode.swift; path = SBrHeader.swift; sourceTree = "<group>"; };
		AF68F0F42238C9DC00F44B7B /* video_api_get_category_v3.json */ = {isa = PBXFileReference; fileEncoding = 4; lastKnownFileType = text.json; path = video_api_get_category_v3.json; sourceTree = "<group>"; };
		AF68F0F62238CE6600F44B7B /* MBProgressHUD+JJ.m */ = {isa = PBXFileReference; fileEncoding = 4; lastKnownFileType = sourcecode.c.objc; path = "MBProgressHUD+JJ.m"; sourceTree = "<group>"; };
		AF68F0F72238CE6600F44B7B /* MBProgressHUD+JJ.h */ = {isa = PBXFileReference; fileEncoding = 4; lastKnownFileType = sourcecode.c.h; path = "MBProgressHUD+JJ.h"; sourceTree = "<group>"; };
		AF68F0FD2238F1D700F44B7B /* SBrTLVideoElseCell.swift */ = {isa = PBXFileReference; lastKnownFileType = sourcecode.swift; path = SBrTLVideoElseCell.swift; sourceTree = "<group>"; };
		AF68F0FE2238F1D700F44B7B /* SBrTLVideoElseCell.xib */ = {isa = PBXFileReference; lastKnownFileType = file.xib; path = SBrTLVideoElseCell.xib; sourceTree = "<group>"; };
		AF68F1012238F88400F44B7B /* video_api_tuijian.json */ = {isa = PBXFileReference; fileEncoding = 4; lastKnownFileType = text.json; path = video_api_tuijian.json; sourceTree = "<group>"; };
		AF68F1022238F88400F44B7B /* video_api_zhibo.json */ = {isa = PBXFileReference; fileEncoding = 4; lastKnownFileType = text.json; path = video_api_zhibo.json; sourceTree = "<group>"; };
		AF68F1062239135700F44B7B /* SDAnimatedImageRep.h */ = {isa = PBXFileReference; fileEncoding = 4; lastKnownFileType = sourcecode.c.h; path = SDAnimatedImageRep.h; sourceTree = "<group>"; };
		AF68F1072239135700F44B7B /* UIImage+WebP.m */ = {isa = PBXFileReference; fileEncoding = 4; lastKnownFileType = sourcecode.c.objc; path = "UIImage+WebP.m"; sourceTree = "<group>"; };
		AF68F1082239135700F44B7B /* MKAnnotationView+WebCache.m */ = {isa = PBXFileReference; fileEncoding = 4; lastKnownFileType = sourcecode.c.objc; path = "MKAnnotationView+WebCache.m"; sourceTree = "<group>"; };
		AF68F1092239135700F44B7B /* NSButton+WebCache.h */ = {isa = PBXFileReference; fileEncoding = 4; lastKnownFileType = sourcecode.c.h; path = "NSButton+WebCache.h"; sourceTree = "<group>"; };
		AF68F10A2239135700F44B7B /* SDWebImageCoder.h */ = {isa = PBXFileReference; fileEncoding = 4; lastKnownFileType = sourcecode.c.h; path = SDWebImageCoder.h; sourceTree = "<group>"; };
		AF68F10B2239135700F44B7B /* NSImage+WebCache.h */ = {isa = PBXFileReference; fileEncoding = 4; lastKnownFileType = sourcecode.c.h; path = "NSImage+WebCache.h"; sourceTree = "<group>"; };
		AF68F10C2239135700F44B7B /* UIImageView+WebCache.h */ = {isa = PBXFileReference; fileEncoding = 4; lastKnownFileType = sourcecode.c.h; path = "UIImageView+WebCache.h"; sourceTree = "<group>"; };
		AF68F10D2239135700F44B7B /* NSData+ImageContentType.h */ = {isa = PBXFileReference; fileEncoding = 4; lastKnownFileType = sourcecode.c.h; path = "NSData+ImageContentType.h"; sourceTree = "<group>"; };
		AF68F10E2239135700F44B7B /* SDWebImageTransition.h */ = {isa = PBXFileReference; fileEncoding = 4; lastKnownFileType = sourcecode.c.h; path = SDWebImageTransition.h; sourceTree = "<group>"; };
		AF68F10F2239135700F44B7B /* SDWebImageManager.m */ = {isa = PBXFileReference; fileEncoding = 4; lastKnownFileType = sourcecode.c.objc; path = SDWebImageManager.m; sourceTree = "<group>"; };
		AF68F1102239135700F44B7B /* SDWebImageDownloaderOperation.h */ = {isa = PBXFileReference; fileEncoding = 4; lastKnownFileType = sourcecode.c.h; path = SDWebImageDownloaderOperation.h; sourceTree = "<group>"; };
		AF68F1112239135700F44B7B /* UIImageView+HighlightedWebCache.m */ = {isa = PBXFileReference; fileEncoding = 4; lastKnownFileType = sourcecode.c.objc; path = "UIImageView+HighlightedWebCache.m"; sourceTree = "<group>"; };
		AF68F1122239135700F44B7B /* SDWebImageFrame.m */ = {isa = PBXFileReference; fileEncoding = 4; lastKnownFileType = sourcecode.c.objc; path = SDWebImageFrame.m; sourceTree = "<group>"; };
		AF68F1132239135700F44B7B /* SDImageCache.h */ = {isa = PBXFileReference; fileEncoding = 4; lastKnownFileType = sourcecode.c.h; path = SDImageCache.h; sourceTree = "<group>"; };
		AF68F1142239135700F44B7B /* UIImage+ForceDecode.m */ = {isa = PBXFileReference; fileEncoding = 4; lastKnownFileType = sourcecode.c.objc; path = "UIImage+ForceDecode.m"; sourceTree = "<group>"; };
		AF68F1152239135700F44B7B /* SDImageCacheConfig.h */ = {isa = PBXFileReference; fileEncoding = 4; lastKnownFileType = sourcecode.c.h; path = SDImageCacheConfig.h; sourceTree = "<group>"; };
		AF68F1162239135700F44B7B /* SDWebImageCodersManager.m */ = {isa = PBXFileReference; fileEncoding = 4; lastKnownFileType = sourcecode.c.objc; path = SDWebImageCodersManager.m; sourceTree = "<group>"; };
		AF68F1182239135700F44B7B /* FLAnimatedImageView+WebCache.m */ = {isa = PBXFileReference; fileEncoding = 4; lastKnownFileType = sourcecode.c.objc; path = "FLAnimatedImageView+WebCache.m"; sourceTree = "<group>"; };
		AF68F1192239135700F44B7B /* FLAnimatedImage.m */ = {isa = PBXFileReference; fileEncoding = 4; lastKnownFileType = sourcecode.c.objc; path = FLAnimatedImage.m; sourceTree = "<group>"; };
		AF68F11A2239135700F44B7B /* FLAnimatedImageView.m */ = {isa = PBXFileReference; fileEncoding = 4; lastKnownFileType = sourcecode.c.objc; path = FLAnimatedImageView.m; sourceTree = "<group>"; };
		AF68F11B2239135700F44B7B /* FLAnimatedImageView+WebCache.h */ = {isa = PBXFileReference; fileEncoding = 4; lastKnownFileType = sourcecode.c.h; path = "FLAnimatedImageView+WebCache.h"; sourceTree = "<group>"; };
		AF68F11C2239135700F44B7B /* FLAnimatedImage.h */ = {isa = PBXFileReference; fileEncoding = 4; lastKnownFileType = sourcecode.c.h; path = FLAnimatedImage.h; sourceTree = "<group>"; };
		AF68F11D2239135700F44B7B /* FLAnimatedImageView.h */ = {isa = PBXFileReference; fileEncoding = 4; lastKnownFileType = sourcecode.c.h; path = FLAnimatedImageView.h; sourceTree = "<group>"; };
		AF68F11E2239135700F44B7B /* UIImage+MemoryCacheCost.h */ = {isa = PBXFileReference; fileEncoding = 4; lastKnownFileType = sourcecode.c.h; path = "UIImage+MemoryCacheCost.h"; sourceTree = "<group>"; };
		AF68F11F2239135700F44B7B /* SDWebImageDownloader.m */ = {isa = PBXFileReference; fileEncoding = 4; lastKnownFileType = sourcecode.c.objc; path = SDWebImageDownloader.m; sourceTree = "<group>"; };
		AF68F1202239135700F44B7B /* SDWebImageGIFCoder.h */ = {isa = PBXFileReference; fileEncoding = 4; lastKnownFileType = sourcecode.c.h; path = SDWebImageGIFCoder.h; sourceTree = "<group>"; };
		AF68F1212239135700F44B7B /* SDWebImageWebPCoder.h */ = {isa = PBXFileReference; fileEncoding = 4; lastKnownFileType = sourcecode.c.h; path = SDWebImageWebPCoder.h; sourceTree = "<group>"; };
		AF68F1222239135700F44B7B /* UIImage+GIF.m */ = {isa = PBXFileReference; fileEncoding = 4; lastKnownFileType = sourcecode.c.objc; path = "UIImage+GIF.m"; sourceTree = "<group>"; };
		AF68F1232239135700F44B7B /* UIButton+WebCache.h */ = {isa = PBXFileReference; fileEncoding = 4; lastKnownFileType = sourcecode.c.h; path = "UIButton+WebCache.h"; sourceTree = "<group>"; };
		AF68F1242239135700F44B7B /* UIImage+MultiFormat.m */ = {isa = PBXFileReference; fileEncoding = 4; lastKnownFileType = sourcecode.c.objc; path = "UIImage+MultiFormat.m"; sourceTree = "<group>"; };
		AF68F1252239135700F44B7B /* SDWebImageCoderHelper.m */ = {isa = PBXFileReference; fileEncoding = 4; lastKnownFileType = sourcecode.c.objc; path = SDWebImageCoderHelper.m; sourceTree = "<group>"; };
		AF68F1262239135700F44B7B /* SDWebImageCompat.m */ = {isa = PBXFileReference; fileEncoding = 4; lastKnownFileType = sourcecode.c.objc; path = SDWebImageCompat.m; sourceTree = "<group>"; };
		AF68F1272239135700F44B7B /* SDWebImageImageIOCoder.h */ = {isa = PBXFileReference; fileEncoding = 4; lastKnownFileType = sourcecode.c.h; path = SDWebImageImageIOCoder.h; sourceTree = "<group>"; };
		AF68F1282239135700F44B7B /* SDWebImagePrefetcher.m */ = {isa = PBXFileReference; fileEncoding = 4; lastKnownFileType = sourcecode.c.objc; path = SDWebImagePrefetcher.m; sourceTree = "<group>"; };
		AF68F1292239135700F44B7B /* UIView+WebCache.h */ = {isa = PBXFileReference; fileEncoding = 4; lastKnownFileType = sourcecode.c.h; path = "UIView+WebCache.h"; sourceTree = "<group>"; };
		AF68F12A2239135700F44B7B /* UIView+WebCacheOperation.h */ = {isa = PBXFileReference; fileEncoding = 4; lastKnownFileType = sourcecode.c.h; path = "UIView+WebCacheOperation.h"; sourceTree = "<group>"; };
		AF68F12B2239135700F44B7B /* SDWebImageCoder.m */ = {isa = PBXFileReference; fileEncoding = 4; lastKnownFileType = sourcecode.c.objc; path = SDWebImageCoder.m; sourceTree = "<group>"; };
		AF68F12C2239135700F44B7B /* NSButton+WebCache.m */ = {isa = PBXFileReference; fileEncoding = 4; lastKnownFileType = sourcecode.c.objc; path = "NSButton+WebCache.m"; sourceTree = "<group>"; };
		AF68F12D2239135700F44B7B /* MKAnnotationView+WebCache.h */ = {isa = PBXFileReference; fileEncoding = 4; lastKnownFileType = sourcecode.c.h; path = "MKAnnotationView+WebCache.h"; sourceTree = "<group>"; };
		AF68F12E2239135700F44B7B /* UIImage+WebP.h */ = {isa = PBXFileReference; fileEncoding = 4; lastKnownFileType = sourcecode.c.h; path = "UIImage+WebP.h"; sourceTree = "<group>"; };
		AF68F12F2239135700F44B7B /* SDAnimatedImageRep.m */ = {isa = PBXFileReference; fileEncoding = 4; lastKnownFileType = sourcecode.c.objc; path = SDAnimatedImageRep.m; sourceTree = "<group>"; };
		AF68F1302239135700F44B7B /* SDImageCache.m */ = {isa = PBXFileReference; fileEncoding = 4; lastKnownFileType = sourcecode.c.objc; path = SDImageCache.m; sourceTree = "<group>"; };
		AF68F1312239135700F44B7B /* SDWebImageFrame.h */ = {isa = PBXFileReference; fileEncoding = 4; lastKnownFileType = sourcecode.c.h; path = SDWebImageFrame.h; sourceTree = "<group>"; };
		AF68F1322239135700F44B7B /* UIImageView+HighlightedWebCache.h */ = {isa = PBXFileReference; fileEncoding = 4; lastKnownFileType = sourcecode.c.h; path = "UIImageView+HighlightedWebCache.h"; sourceTree = "<group>"; };
		AF68F1332239135700F44B7B /* SDWebImageDownloaderOperation.m */ = {isa = PBXFileReference; fileEncoding = 4; lastKnownFileType = sourcecode.c.objc; path = SDWebImageDownloaderOperation.m; sourceTree = "<group>"; };
		AF68F1342239135700F44B7B /* SDWebImageTransition.m */ = {isa = PBXFileReference; fileEncoding = 4; lastKnownFileType = sourcecode.c.objc; path = SDWebImageTransition.m; sourceTree = "<group>"; };
		AF68F1352239135700F44B7B /* SDWebImageManager.h */ = {isa = PBXFileReference; fileEncoding = 4; lastKnownFileType = sourcecode.c.h; path = SDWebImageManager.h; sourceTree = "<group>"; };
		AF68F1362239135700F44B7B /* NSData+ImageContentType.m */ = {isa = PBXFileReference; fileEncoding = 4; lastKnownFileType = sourcecode.c.objc; path = "NSData+ImageContentType.m"; sourceTree = "<group>"; };
		AF68F1372239135700F44B7B /* UIImageView+WebCache.m */ = {isa = PBXFileReference; fileEncoding = 4; lastKnownFileType = sourcecode.c.objc; path = "UIImageView+WebCache.m"; sourceTree = "<group>"; };
		AF68F1382239135700F44B7B /* SDWebImageOperation.h */ = {isa = PBXFileReference; fileEncoding = 4; lastKnownFileType = sourcecode.c.h; path = SDWebImageOperation.h; sourceTree = "<group>"; };
		AF68F1392239135700F44B7B /* NSImage+WebCache.m */ = {isa = PBXFileReference; fileEncoding = 4; lastKnownFileType = sourcecode.c.objc; path = "NSImage+WebCache.m"; sourceTree = "<group>"; };
		AF68F13A2239135700F44B7B /* SDWebImageGIFCoder.m */ = {isa = PBXFileReference; fileEncoding = 4; lastKnownFileType = sourcecode.c.objc; path = SDWebImageGIFCoder.m; sourceTree = "<group>"; };
		AF68F13B2239135700F44B7B /* SDWebImageDownloader.h */ = {isa = PBXFileReference; fileEncoding = 4; lastKnownFileType = sourcecode.c.h; path = SDWebImageDownloader.h; sourceTree = "<group>"; };
		AF68F13C2239135700F44B7B /* UIImage+MemoryCacheCost.m */ = {isa = PBXFileReference; fileEncoding = 4; lastKnownFileType = sourcecode.c.objc; path = "UIImage+MemoryCacheCost.m"; sourceTree = "<group>"; };
		AF68F13D2239135700F44B7B /* SDImageCacheConfig.m */ = {isa = PBXFileReference; fileEncoding = 4; lastKnownFileType = sourcecode.c.objc; path = SDImageCacheConfig.m; sourceTree = "<group>"; };
		AF68F13E2239135700F44B7B /* SDWebImageCodersManager.h */ = {isa = PBXFileReference; fileEncoding = 4; lastKnownFileType = sourcecode.c.h; path = SDWebImageCodersManager.h; sourceTree = "<group>"; };
		AF68F13F2239135700F44B7B /* UIImage+ForceDecode.h */ = {isa = PBXFileReference; fileEncoding = 4; lastKnownFileType = sourcecode.c.h; path = "UIImage+ForceDecode.h"; sourceTree = "<group>"; };
		AF68F1402239135700F44B7B /* UIView+WebCacheOperation.m */ = {isa = PBXFileReference; fileEncoding = 4; lastKnownFileType = sourcecode.c.objc; path = "UIView+WebCacheOperation.m"; sourceTree = "<group>"; };
		AF68F1412239135700F44B7B /* UIView+WebCache.m */ = {isa = PBXFileReference; fileEncoding = 4; lastKnownFileType = sourcecode.c.objc; path = "UIView+WebCache.m"; sourceTree = "<group>"; };
		AF68F1422239135700F44B7B /* SDWebImagePrefetcher.h */ = {isa = PBXFileReference; fileEncoding = 4; lastKnownFileType = sourcecode.c.h; path = SDWebImagePrefetcher.h; sourceTree = "<group>"; };
		AF68F1432239135700F44B7B /* SDWebImageImageIOCoder.m */ = {isa = PBXFileReference; fileEncoding = 4; lastKnownFileType = sourcecode.c.objc; path = SDWebImageImageIOCoder.m; sourceTree = "<group>"; };
		AF68F1442239135700F44B7B /* SDWebImageCompat.h */ = {isa = PBXFileReference; fileEncoding = 4; lastKnownFileType = sourcecode.c.h; path = SDWebImageCompat.h; sourceTree = "<group>"; };
		AF68F1452239135700F44B7B /* SDWebImageCoderHelper.h */ = {isa = PBXFileReference; fileEncoding = 4; lastKnownFileType = sourcecode.c.h; path = SDWebImageCoderHelper.h; sourceTree = "<group>"; };
		AF68F1472239135700F44B7B /* WebP.framework */ = {isa = PBXFileReference; lastKnownFileType = wrapper.framework; path = WebP.framework; sourceTree = "<group>"; };
		AF68F1482239135700F44B7B /* WebP.sh */ = {isa = PBXFileReference; fileEncoding = 4; lastKnownFileType = text.script.sh; path = WebP.sh; sourceTree = "<group>"; };
		AF68F1492239135700F44B7B /* UIImage+MultiFormat.h */ = {isa = PBXFileReference; fileEncoding = 4; lastKnownFileType = sourcecode.c.h; path = "UIImage+MultiFormat.h"; sourceTree = "<group>"; };
		AF68F14A2239135700F44B7B /* UIButton+WebCache.m */ = {isa = PBXFileReference; fileEncoding = 4; lastKnownFileType = sourcecode.c.objc; path = "UIButton+WebCache.m"; sourceTree = "<group>"; };
		AF68F14B2239135700F44B7B /* SDWebImageWebPCoder.m */ = {isa = PBXFileReference; fileEncoding = 4; lastKnownFileType = sourcecode.c.objc; path = SDWebImageWebPCoder.m; sourceTree = "<group>"; };
		AF68F14C2239135700F44B7B /* UIImage+GIF.h */ = {isa = PBXFileReference; fileEncoding = 4; lastKnownFileType = sourcecode.c.h; path = "UIImage+GIF.h"; sourceTree = "<group>"; };
		AFE37B322226586A00738B31 /* SwiftBrandon.app */ = {isa = PBXFileReference; explicitFileType = wrapper.application; includeInIndex = 0; path = SwiftBrandon.app; sourceTree = BUILT_PRODUCTS_DIR; };
		AFE37B352226586A00738B31 /* AppDelegate.swift */ = {isa = PBXFileReference; lastKnownFileType = sourcecode.swift; path = AppDelegate.swift; sourceTree = "<group>"; };
		AFE37B372226586A00738B31 /* ViewController.swift */ = {isa = PBXFileReference; lastKnownFileType = sourcecode.swift; path = ViewController.swift; sourceTree = "<group>"; };
		AFE37B3A2226586A00738B31 /* Base */ = {isa = PBXFileReference; lastKnownFileType = file.storyboard; name = Base; path = Base.lproj/Main.storyboard; sourceTree = "<group>"; };
		AFE37B3C2226586C00738B31 /* Assets.xcassets */ = {isa = PBXFileReference; lastKnownFileType = folder.assetcatalog; path = Assets.xcassets; sourceTree = "<group>"; };
		AFE37B3F2226586C00738B31 /* Base */ = {isa = PBXFileReference; lastKnownFileType = file.storyboard; name = Base; path = Base.lproj/LaunchScreen.storyboard; sourceTree = "<group>"; };
		AFE37B412226586C00738B31 /* Info.plist */ = {isa = PBXFileReference; lastKnownFileType = text.plist.xml; path = Info.plist; sourceTree = "<group>"; };
		AFE37B462226586C00738B31 /* SwiftBrandonTests.xctest */ = {isa = PBXFileReference; explicitFileType = wrapper.cfbundle; includeInIndex = 0; path = SwiftBrandonTests.xctest; sourceTree = BUILT_PRODUCTS_DIR; };
		AFE37B4A2226586C00738B31 /* SwiftBrandonTests.swift */ = {isa = PBXFileReference; lastKnownFileType = sourcecode.swift; path = SwiftBrandonTests.swift; sourceTree = "<group>"; };
		AFE37B4C2226586C00738B31 /* Info.plist */ = {isa = PBXFileReference; lastKnownFileType = text.plist.xml; path = Info.plist; sourceTree = "<group>"; };
		AFE37B512226586C00738B31 /* SwiftBrandonUITests.xctest */ = {isa = PBXFileReference; explicitFileType = wrapper.cfbundle; includeInIndex = 0; path = SwiftBrandonUITests.xctest; sourceTree = BUILT_PRODUCTS_DIR; };
		AFE37B552226586C00738B31 /* SwiftBrandonUITests.swift */ = {isa = PBXFileReference; lastKnownFileType = sourcecode.swift; path = SwiftBrandonUITests.swift; sourceTree = "<group>"; };
		AFE37B572226586C00738B31 /* Info.plist */ = {isa = PBXFileReference; lastKnownFileType = text.plist.xml; path = Info.plist; sourceTree = "<group>"; };
		AFE37B8A22265E6F00738B31 /* SBrTabBar.swift */ = {isa = PBXFileReference; lastKnownFileType = sourcecode.swift; path = SBrTabBar.swift; sourceTree = "<group>"; };
		AFE37B8C22265E8800738B31 /* SBrTabBarController.swift */ = {isa = PBXFileReference; lastKnownFileType = sourcecode.swift; path = SBrTabBarController.swift; sourceTree = "<group>"; };
		AFE37B8E222664EA00738B31 /* SwiftBrandon-Bridging-Header.h */ = {isa = PBXFileReference; lastKnownFileType = sourcecode.c.h; path = "SwiftBrandon-Bridging-Header.h"; sourceTree = "<group>"; };
		AFE37B902226657B00738B31 /* UIView+SBrCategory.h */ = {isa = PBXFileReference; lastKnownFileType = sourcecode.c.h; path = "UIView+SBrCategory.h"; sourceTree = "<group>"; };
		AFE37B912226657B00738B31 /* UIView+SBrCategory.m */ = {isa = PBXFileReference; lastKnownFileType = sourcecode.c.objc; path = "UIView+SBrCategory.m"; sourceTree = "<group>"; };
		AFE37B9322266B0000738B31 /* UIColor+Utils.h */ = {isa = PBXFileReference; lastKnownFileType = sourcecode.c.h; path = "UIColor+Utils.h"; sourceTree = "<group>"; };
		AFE37B9422266B0000738B31 /* UIColor+Utils.m */ = {isa = PBXFileReference; lastKnownFileType = sourcecode.c.objc; path = "UIColor+Utils.m"; sourceTree = "<group>"; };
		AFE37B9622266CEE00738B31 /* SBrConstants.swift */ = {isa = PBXFileReference; lastKnownFileType = sourcecode.swift; path = SBrConstants.swift; sourceTree = "<group>"; };
		AFE37B98222673A600738B31 /* SBrNavigationController.swift */ = {isa = PBXFileReference; lastKnownFileType = sourcecode.swift; path = SBrNavigationController.swift; sourceTree = "<group>"; };
		AFE37B9B2226CCE900738B31 /* SBrPlayground.playground */ = {isa = PBXFileReference; lastKnownFileType = file.playground; path = SBrPlayground.playground; sourceTree = "<group>"; xcLanguageSpecificationIdentifier = xcode.lang.swift; };
		D0CCB740D8B22D0AF65E1224 /* Pods-SwiftBrandonTests.release.xcconfig */ = {isa = PBXFileReference; includeInIndex = 1; lastKnownFileType = text.xcconfig; name = "Pods-SwiftBrandonTests.release.xcconfig"; path = "Pods/Target Support Files/Pods-SwiftBrandonTests/Pods-SwiftBrandonTests.release.xcconfig"; sourceTree = "<group>"; };
		D46C182B3508FF72D1C1D578 /* Pods-SwiftBrandonUITests.debug.xcconfig */ = {isa = PBXFileReference; includeInIndex = 1; lastKnownFileType = text.xcconfig; name = "Pods-SwiftBrandonUITests.debug.xcconfig"; path = "Pods/Target Support Files/Pods-SwiftBrandonUITests/Pods-SwiftBrandonUITests.debug.xcconfig"; sourceTree = "<group>"; };
		D845638C5D4EB86247E8A4E0 /* Pods-SwiftBrandon.release.xcconfig */ = {isa = PBXFileReference; includeInIndex = 1; lastKnownFileType = text.xcconfig; name = "Pods-SwiftBrandon.release.xcconfig"; path = "Pods/Target Support Files/Pods-SwiftBrandon/Pods-SwiftBrandon.release.xcconfig"; sourceTree = "<group>"; };
		E25D3453E55F69C9A66E104D /* Pods_SwiftBrandon.framework */ = {isa = PBXFileReference; explicitFileType = wrapper.framework; includeInIndex = 0; path = Pods_SwiftBrandon.framework; sourceTree = BUILT_PRODUCTS_DIR; };
		EE4640E5E41CEBBE7D8A3F86 /* Pods_SwiftBrandonUITests.framework */ = {isa = PBXFileReference; explicitFileType = wrapper.framework; includeInIndex = 0; path = Pods_SwiftBrandonUITests.framework; sourceTree = BUILT_PRODUCTS_DIR; };
		F748ACBB2933700B6496EB26 /* Pods_SwiftBrandonTests.framework */ = {isa = PBXFileReference; explicitFileType = wrapper.framework; includeInIndex = 0; path = Pods_SwiftBrandonTests.framework; sourceTree = BUILT_PRODUCTS_DIR; };
/* End PBXFileReference section */

/* Begin PBXFrameworksBuildPhase section */
		AFE37B2F2226586A00738B31 /* Frameworks */ = {
			isa = PBXFrameworksBuildPhase;
			buildActionMask = 2147483647;
			files = (
				AF68F16C2239135700F44B7B /* WebP.framework in Frameworks */,
				4A42B4964544CD562CE215AC /* Pods_SwiftBrandon.framework in Frameworks */,
			);
			runOnlyForDeploymentPostprocessing = 0;
		};
		AFE37B432226586C00738B31 /* Frameworks */ = {
			isa = PBXFrameworksBuildPhase;
			buildActionMask = 2147483647;
			files = (
				C4555D2627AC5B65772B9CB4 /* Pods_SwiftBrandonTests.framework in Frameworks */,
			);
			runOnlyForDeploymentPostprocessing = 0;
		};
		AFE37B4E2226586C00738B31 /* Frameworks */ = {
			isa = PBXFrameworksBuildPhase;
			buildActionMask = 2147483647;
			files = (
				0903221AC33FE1F8BE6311F9 /* Pods_SwiftBrandonUITests.framework in Frameworks */,
			);
			runOnlyForDeploymentPostprocessing = 0;
		};
/* End PBXFrameworksBuildPhase section */

/* Begin PBXGroup section */
		134CF71BAAB8B80716722F08 /* Frameworks */ = {
			isa = PBXGroup;
			children = (
				E25D3453E55F69C9A66E104D /* Pods_SwiftBrandon.framework */,
				F748ACBB2933700B6496EB26 /* Pods_SwiftBrandonTests.framework */,
				EE4640E5E41CEBBE7D8A3F86 /* Pods_SwiftBrandonUITests.framework */,
			);
			name = Frameworks;
			sourceTree = "<group>";
		};
		616DB5F49925488DF6F91A28 /* Pods */ = {
			isa = PBXGroup;
			children = (
				86A202A931B40A8C2D0B1D77 /* Pods-SwiftBrandon.debug.xcconfig */,
				D845638C5D4EB86247E8A4E0 /* Pods-SwiftBrandon.release.xcconfig */,
				91DB197326C84DCE62BA207C /* Pods-SwiftBrandonTests.debug.xcconfig */,
				D0CCB740D8B22D0AF65E1224 /* Pods-SwiftBrandonTests.release.xcconfig */,
				D46C182B3508FF72D1C1D578 /* Pods-SwiftBrandonUITests.debug.xcconfig */,
				95BA61F5BDDC1BFAB6AE6E5C /* Pods-SwiftBrandonUITests.release.xcconfig */,
			);
			name = Pods;
			sourceTree = "<group>";
		};
		AF68F08E2236845F00F44B7B /* Base */ = {
			isa = PBXGroup;
			children = (
				AF68F0902236847900F44B7B /* ViewController */,
				AF68F08F2236847100F44B7B /* View */,
			);
			path = Base;
			sourceTree = "<group>";
		};
		AF68F08F2236847100F44B7B /* View */ = {
			isa = PBXGroup;
			children = (
				AF68F093223684E500F44B7B /* SBrBaseView.swift */,
			);
			path = View;
			sourceTree = "<group>";
		};
		AF68F0902236847900F44B7B /* ViewController */ = {
			isa = PBXGroup;
			children = (
				AF68F091223684D000F44B7B /* SBrBaseViewController.swift */,
			);
			path = ViewController;
			sourceTree = "<group>";
		};
		AF68F0952236852900F44B7B /* Home */ = {
			isa = PBXGroup;
			children = (
				AF68F099223685E000F44B7B /* SBrHomeViewController.swift */,
			);
			path = Home;
			sourceTree = "<group>";
		};
		AF68F0962236853100F44B7B /* Message */ = {
			isa = PBXGroup;
			children = (
				AF68F09B223685ED00F44B7B /* SBrMessageViewController.swift */,
			);
			path = Message;
			sourceTree = "<group>";
		};
		AF68F0972236853B00F44B7B /* Discover */ = {
			isa = PBXGroup;
			children = (
				AF68F09D223685F900F44B7B /* SBrDiscoverViewController.swift */,
			);
			path = Discover;
			sourceTree = "<group>";
		};
		AF68F0982236854600F44B7B /* Mine */ = {
			isa = PBXGroup;
			children = (
				AF68F09F2236860400F44B7B /* SBrMineViewController.swift */,
				AF68F0A12236865D00F44B7B /* SBrSetViewController.swift */,
			);
			path = Mine;
			sourceTree = "<group>";
		};
		AF68F0B92237840D00F44B7B /* Video */ = {
			isa = PBXGroup;
			children = (
				AF68F0F32238C9C900F44B7B /* defaultJsons */,
				AF68F0BA2237842200F44B7B /* SBrVideoViewController.swift */,
				AF68F0D92237C3F800F44B7B /* SBrVideoAPI.swift */,
				AF68F0DB2237C91E00F44B7B /* SBrVideoModel.swift */,
				AF68F0DD2237C9EB00F44B7B /* SBrVideoViewModel.swift */,
				AF68F0DF2237D30C00F44B7B /* SBrVideoCategoryCell.swift */,
				AF68F0CE2237BD8A00F44B7B /* 其他 */,
				AF68F0C62237BD1200F44B7B /* 关注 */,
				AF68F0BE2237BBB500F44B7B /* 直播 */,
			);
			path = Video;
			sourceTree = "<group>";
		};
		AF68F0BE2237BBB500F44B7B /* 直播 */ = {
			isa = PBXGroup;
			children = (
				AF68F0BF2237BC9F00F44B7B /* SBrTLVideoLiveController.swift */,
				AF68F0C52237BCF300F44B7B /* Controller */,
				AF68F0C42237BCDF00F44B7B /* Api */,
				AF68F0C32237BCD600F44B7B /* ViewModel */,
				AF68F0C22237BCCF00F44B7B /* Model */,
				AF68F0C12237BCC800F44B7B /* View */,
			);
			path = "直播";
			sourceTree = "<group>";
		};
		AF68F0C12237BCC800F44B7B /* View */ = {
			isa = PBXGroup;
			children = (
			);
			path = View;
			sourceTree = "<group>";
		};
		AF68F0C22237BCCF00F44B7B /* Model */ = {
			isa = PBXGroup;
			children = (
			);
			path = Model;
			sourceTree = "<group>";
		};
		AF68F0C32237BCD600F44B7B /* ViewModel */ = {
			isa = PBXGroup;
			children = (
			);
			path = ViewModel;
			sourceTree = "<group>";
		};
		AF68F0C42237BCDF00F44B7B /* Api */ = {
			isa = PBXGroup;
			children = (
			);
			path = Api;
			sourceTree = "<group>";
		};
		AF68F0C52237BCF300F44B7B /* Controller */ = {
			isa = PBXGroup;
			children = (
			);
			path = Controller;
			sourceTree = "<group>";
		};
		AF68F0C62237BD1200F44B7B /* 关注 */ = {
			isa = PBXGroup;
			children = (
				AF68F0CC2237BD6C00F44B7B /* SBrTLVideoAttentionController.swift */,
				AF68F0C92237BD3200F44B7B /* Api */,
				AF68F0C82237BD3200F44B7B /* Controller */,
				AF68F0CA2237BD3200F44B7B /* Model */,
				AF68F0CB2237BD3200F44B7B /* View */,
				AF68F0C72237BD3100F44B7B /* ViewModel */,
			);
			path = "关注";
			sourceTree = "<group>";
		};
		AF68F0C72237BD3100F44B7B /* ViewModel */ = {
			isa = PBXGroup;
			children = (
			);
			path = ViewModel;
			sourceTree = "<group>";
		};
		AF68F0C82237BD3200F44B7B /* Controller */ = {
			isa = PBXGroup;
			children = (
			);
			path = Controller;
			sourceTree = "<group>";
		};
		AF68F0C92237BD3200F44B7B /* Api */ = {
			isa = PBXGroup;
			children = (
			);
			path = Api;
			sourceTree = "<group>";
		};
		AF68F0CA2237BD3200F44B7B /* Model */ = {
			isa = PBXGroup;
			children = (
			);
			path = Model;
			sourceTree = "<group>";
		};
		AF68F0CB2237BD3200F44B7B /* View */ = {
			isa = PBXGroup;
			children = (
			);
			path = View;
			sourceTree = "<group>";
		};
		AF68F0CE2237BD8A00F44B7B /* 其他 */ = {
			isa = PBXGroup;
			children = (
				AF68F0CF2237BDA100F44B7B /* SBrTLVideoElseController.swift */,
				AF68F0D52237BDBF00F44B7B /* Api */,
				AF68F0D12237BDBF00F44B7B /* Controller */,
				AF68F0D32237BDBF00F44B7B /* Model */,
				AF68F0D42237BDBF00F44B7B /* View */,
				AF68F0D22237BDBF00F44B7B /* ViewModel */,
			);
			path = "其他";
			sourceTree = "<group>";
		};
		AF68F0D12237BDBF00F44B7B /* Controller */ = {
			isa = PBXGroup;
			children = (
			);
			path = Controller;
			sourceTree = "<group>";
		};
		AF68F0D22237BDBF00F44B7B /* ViewModel */ = {
			isa = PBXGroup;
			children = (
			);
			path = ViewModel;
			sourceTree = "<group>";
		};
		AF68F0D32237BDBF00F44B7B /* Model */ = {
			isa = PBXGroup;
			children = (
			);
			path = Model;
			sourceTree = "<group>";
		};
		AF68F0D42237BDBF00F44B7B /* View */ = {
			isa = PBXGroup;
			children = (
				AF68F0FD2238F1D700F44B7B /* SBrTLVideoElseCell.swift */,
				AF68F0FE2238F1D700F44B7B /* SBrTLVideoElseCell.xib */,
			);
			path = View;
			sourceTree = "<group>";
		};
		AF68F0D52237BDBF00F44B7B /* Api */ = {
			isa = PBXGroup;
			children = (
				AF68F0D62237BDFB00F44B7B /* SBrTLVideoElseAPI.swift */,
			);
			path = Api;
			sourceTree = "<group>";
		};
		AF68F0F32238C9C900F44B7B /* defaultJsons */ = {
			isa = PBXGroup;
			children = (
				AF68F0F42238C9DC00F44B7B /* video_api_get_category_v3.json */,
				AF68F1012238F88400F44B7B /* video_api_tuijian.json */,
				AF68F1022238F88400F44B7B /* video_api_zhibo.json */,
			);
			path = defaultJsons;
			sourceTree = "<group>";
		};
		AF68F1052239135700F44B7B /* SDWebImage */ = {
			isa = PBXGroup;
			children = (
				AF68F1172239135700F44B7B /* FLAnimatedImage */,
				AF68F12D2239135700F44B7B /* MKAnnotationView+WebCache.h */,
				AF68F1082239135700F44B7B /* MKAnnotationView+WebCache.m */,
				AF68F1092239135700F44B7B /* NSButton+WebCache.h */,
				AF68F12C2239135700F44B7B /* NSButton+WebCache.m */,
				AF68F10D2239135700F44B7B /* NSData+ImageContentType.h */,
				AF68F1362239135700F44B7B /* NSData+ImageContentType.m */,
				AF68F10B2239135700F44B7B /* NSImage+WebCache.h */,
				AF68F1392239135700F44B7B /* NSImage+WebCache.m */,
				AF68F1062239135700F44B7B /* SDAnimatedImageRep.h */,
				AF68F12F2239135700F44B7B /* SDAnimatedImageRep.m */,
				AF68F1132239135700F44B7B /* SDImageCache.h */,
				AF68F1302239135700F44B7B /* SDImageCache.m */,
				AF68F1152239135700F44B7B /* SDImageCacheConfig.h */,
				AF68F13D2239135700F44B7B /* SDImageCacheConfig.m */,
				AF68F10A2239135700F44B7B /* SDWebImageCoder.h */,
				AF68F12B2239135700F44B7B /* SDWebImageCoder.m */,
				AF68F1452239135700F44B7B /* SDWebImageCoderHelper.h */,
				AF68F1252239135700F44B7B /* SDWebImageCoderHelper.m */,
				AF68F13E2239135700F44B7B /* SDWebImageCodersManager.h */,
				AF68F1162239135700F44B7B /* SDWebImageCodersManager.m */,
				AF68F1442239135700F44B7B /* SDWebImageCompat.h */,
				AF68F1262239135700F44B7B /* SDWebImageCompat.m */,
				AF68F13B2239135700F44B7B /* SDWebImageDownloader.h */,
				AF68F11F2239135700F44B7B /* SDWebImageDownloader.m */,
				AF68F1102239135700F44B7B /* SDWebImageDownloaderOperation.h */,
				AF68F1332239135700F44B7B /* SDWebImageDownloaderOperation.m */,
				AF68F1312239135700F44B7B /* SDWebImageFrame.h */,
				AF68F1122239135700F44B7B /* SDWebImageFrame.m */,
				AF68F1202239135700F44B7B /* SDWebImageGIFCoder.h */,
				AF68F13A2239135700F44B7B /* SDWebImageGIFCoder.m */,
				AF68F1272239135700F44B7B /* SDWebImageImageIOCoder.h */,
				AF68F1432239135700F44B7B /* SDWebImageImageIOCoder.m */,
				AF68F1352239135700F44B7B /* SDWebImageManager.h */,
				AF68F10F2239135700F44B7B /* SDWebImageManager.m */,
				AF68F1382239135700F44B7B /* SDWebImageOperation.h */,
				AF68F1422239135700F44B7B /* SDWebImagePrefetcher.h */,
				AF68F1282239135700F44B7B /* SDWebImagePrefetcher.m */,
				AF68F10E2239135700F44B7B /* SDWebImageTransition.h */,
				AF68F1342239135700F44B7B /* SDWebImageTransition.m */,
				AF68F1212239135700F44B7B /* SDWebImageWebPCoder.h */,
				AF68F14B2239135700F44B7B /* SDWebImageWebPCoder.m */,
				AF68F1232239135700F44B7B /* UIButton+WebCache.h */,
				AF68F14A2239135700F44B7B /* UIButton+WebCache.m */,
				AF68F13F2239135700F44B7B /* UIImage+ForceDecode.h */,
				AF68F1142239135700F44B7B /* UIImage+ForceDecode.m */,
				AF68F14C2239135700F44B7B /* UIImage+GIF.h */,
				AF68F1222239135700F44B7B /* UIImage+GIF.m */,
				AF68F11E2239135700F44B7B /* UIImage+MemoryCacheCost.h */,
				AF68F13C2239135700F44B7B /* UIImage+MemoryCacheCost.m */,
				AF68F1492239135700F44B7B /* UIImage+MultiFormat.h */,
				AF68F1242239135700F44B7B /* UIImage+MultiFormat.m */,
				AF68F12E2239135700F44B7B /* UIImage+WebP.h */,
				AF68F1072239135700F44B7B /* UIImage+WebP.m */,
				AF68F1322239135700F44B7B /* UIImageView+HighlightedWebCache.h */,
				AF68F1112239135700F44B7B /* UIImageView+HighlightedWebCache.m */,
				AF68F10C2239135700F44B7B /* UIImageView+WebCache.h */,
				AF68F1372239135700F44B7B /* UIImageView+WebCache.m */,
				AF68F1292239135700F44B7B /* UIView+WebCache.h */,
				AF68F1412239135700F44B7B /* UIView+WebCache.m */,
				AF68F12A2239135700F44B7B /* UIView+WebCacheOperation.h */,
				AF68F1402239135700F44B7B /* UIView+WebCacheOperation.m */,
				AF68F1462239135700F44B7B /* Vendor */,
			);
			path = SDWebImage;
			sourceTree = "<group>";
		};
		AF68F1172239135700F44B7B /* FLAnimatedImage */ = {
			isa = PBXGroup;
			children = (
				AF68F1182239135700F44B7B /* FLAnimatedImageView+WebCache.m */,
				AF68F1192239135700F44B7B /* FLAnimatedImage.m */,
				AF68F11A2239135700F44B7B /* FLAnimatedImageView.m */,
				AF68F11B2239135700F44B7B /* FLAnimatedImageView+WebCache.h */,
				AF68F11C2239135700F44B7B /* FLAnimatedImage.h */,
				AF68F11D2239135700F44B7B /* FLAnimatedImageView.h */,
			);
			path = FLAnimatedImage;
			sourceTree = "<group>";
		};
		AF68F1462239135700F44B7B /* Vendor */ = {
			isa = PBXGroup;
			children = (
				AF68F1472239135700F44B7B /* WebP.framework */,
				AF68F1482239135700F44B7B /* WebP.sh */,
			);
			path = Vendor;
			sourceTree = "<group>";
		};
		AFE37B292226586A00738B31 = {
			isa = PBXGroup;
			children = (
				AFE37B342226586A00738B31 /* SwiftBrandon */,
				AFE37B492226586C00738B31 /* SwiftBrandonTests */,
				AFE37B542226586C00738B31 /* SwiftBrandonUITests */,
				AFE37B332226586A00738B31 /* Products */,
				616DB5F49925488DF6F91A28 /* Pods */,
				134CF71BAAB8B80716722F08 /* Frameworks */,
			);
			sourceTree = "<group>";
		};
		AFE37B332226586A00738B31 /* Products */ = {
			isa = PBXGroup;
			children = (
				AFE37B322226586A00738B31 /* SwiftBrandon.app */,
				AFE37B462226586C00738B31 /* SwiftBrandonTests.xctest */,
				AFE37B512226586C00738B31 /* SwiftBrandonUITests.xctest */,
			);
			name = Products;
			sourceTree = "<group>";
		};
		AFE37B342226586A00738B31 /* SwiftBrandon */ = {
			isa = PBXGroup;
			children = (
				AFE37B6322265CCE00738B31 /* Classes */,
				AFE37B352226586A00738B31 /* AppDelegate.swift */,
				AFE37B372226586A00738B31 /* ViewController.swift */,
				AFE37B392226586A00738B31 /* Main.storyboard */,
				AFE37B3C2226586C00738B31 /* Assets.xcassets */,
				AFE37B3E2226586C00738B31 /* LaunchScreen.storyboard */,
				AFE37B412226586C00738B31 /* Info.plist */,
			);
			path = SwiftBrandon;
			sourceTree = "<group>";
		};
		AFE37B492226586C00738B31 /* SwiftBrandonTests */ = {
			isa = PBXGroup;
			children = (
				AFE37B4A2226586C00738B31 /* SwiftBrandonTests.swift */,
				AFE37B4C2226586C00738B31 /* Info.plist */,
			);
			path = SwiftBrandonTests;
			sourceTree = "<group>";
		};
		AFE37B542226586C00738B31 /* SwiftBrandonUITests */ = {
			isa = PBXGroup;
			children = (
				AFE37B552226586C00738B31 /* SwiftBrandonUITests.swift */,
				AFE37B572226586C00738B31 /* Info.plist */,
			);
			path = SwiftBrandonUITests;
			sourceTree = "<group>";
		};
		AFE37B6322265CCE00738B31 /* Classes */ = {
			isa = PBXGroup;
			children = (
				AF68F08E2236845F00F44B7B /* Base */,
				AFE37B9A2226CCD400738B31 /* Playgrounds */,
				AFE37B8922265E0B00738B31 /* SBrTabBarController */,
				AFE37B6A22265D3F00738B31 /* DataSource */,
				AFE37B6922265D3000738B31 /* Utilities */,
				AFE37B6822265D2500738B31 /* ViewControllers */,
				AFE37B6722265D1D00738B31 /* NetworkRequest */,
				AFE37B6622265D0F00738B31 /* Category */,
				AFE37B6522265D0500738B31 /* StoryBoard */,
				AFE37B6422265CFD00738B31 /* ThirdPartyLib */,
			);
			path = Classes;
			sourceTree = "<group>";
		};
		AFE37B6422265CFD00738B31 /* ThirdPartyLib */ = {
			isa = PBXGroup;
			children = (
				AF68F1052239135700F44B7B /* SDWebImage */,
			);
			path = ThirdPartyLib;
			sourceTree = "<group>";
		};
		AFE37B6522265D0500738B31 /* StoryBoard */ = {
			isa = PBXGroup;
			children = (
			);
			path = StoryBoard;
			sourceTree = "<group>";
		};
		AFE37B6622265D0F00738B31 /* Category */ = {
			isa = PBXGroup;
			children = (
				AF68F0F72238CE6600F44B7B /* MBProgressHUD+JJ.h */,
				AF68F0F62238CE6600F44B7B /* MBProgressHUD+JJ.m */,
				AFE37B902226657B00738B31 /* UIView+SBrCategory.h */,
				AFE37B912226657B00738B31 /* UIView+SBrCategory.m */,
				AFE37B9322266B0000738B31 /* UIColor+Utils.h */,
				AFE37B9422266B0000738B31 /* UIColor+Utils.m */,
			);
			path = Category;
			sourceTree = "<group>";
		};
		AFE37B6722265D1D00738B31 /* NetworkRequest */ = {
			isa = PBXGroup;
			children = (
			);
			path = NetworkRequest;
			sourceTree = "<group>";
		};
		AFE37B6822265D2500738B31 /* ViewControllers */ = {
			isa = PBXGroup;
			children = (
				AF68F0B92237840D00F44B7B /* Video */,
				AF68F0982236854600F44B7B /* Mine */,
				AF68F0972236853B00F44B7B /* Discover */,
				AF68F0962236853100F44B7B /* Message */,
				AF68F0952236852900F44B7B /* Home */,
			);
			path = ViewControllers;
			sourceTree = "<group>";
		};
		AFE37B6922265D3000738B31 /* Utilities */ = {
			isa = PBXGroup;
			children = (
				AFE37B8E222664EA00738B31 /* SwiftBrandon-Bridging-Header.h */,
				AFE37B9622266CEE00738B31 /* SBrConstants.swift */,
				AF68F0BC223784E400F44B7B /* SBrColor.swift */,
				AF68F0E22237D42300F44B7B /* SBrHeader.swift */,
			);
			path = Utilities;
			sourceTree = "<group>";
		};
		AFE37B6A22265D3F00738B31 /* DataSource */ = {
			isa = PBXGroup;
			children = (
				AF68F0B7223773D500F44B7B /* demo.json */,
				AF68F0B12237735100F44B7B /* 01.mp4 */,
				AF68F0B32237737D00F44B7B /* city.plist */,
				AF68F0AC2237729D00F44B7B /* like-cancel.json */,
				AF68F0AD2237729D00F44B7B /* like.json */,
				AF68F0B52237739100F44B7B /* color.json */,
				AFE37B6B22265D4900738B31 /* Images */,
			);
			path = DataSource;
			sourceTree = "<group>";
		};
		AFE37B6B22265D4900738B31 /* Images */ = {
			isa = PBXGroup;
			children = (
			);
			path = Images;
			sourceTree = "<group>";
		};
		AFE37B8922265E0B00738B31 /* SBrTabBarController */ = {
			isa = PBXGroup;
			children = (
				AFE37B8A22265E6F00738B31 /* SBrTabBar.swift */,
				AFE37B8C22265E8800738B31 /* SBrTabBarController.swift */,
				AFE37B98222673A600738B31 /* SBrNavigationController.swift */,
			);
			path = SBrTabBarController;
			sourceTree = "<group>";
		};
		AFE37B9A2226CCD400738B31 /* Playgrounds */ = {
			isa = PBXGroup;
			children = (
				AFE37B9B2226CCE900738B31 /* SBrPlayground.playground */,
			);
			path = Playgrounds;
			sourceTree = "<group>";
		};
/* End PBXGroup section */

/* Begin PBXNativeTarget section */
		AFE37B312226586A00738B31 /* SwiftBrandon */ = {
			isa = PBXNativeTarget;
			buildConfigurationList = AFE37B5A2226586C00738B31 /* Build configuration list for PBXNativeTarget "SwiftBrandon" */;
			buildPhases = (
				1066B4A869FF45F5C8B2A056 /* [CP] Check Pods Manifest.lock */,
				AFE37B2E2226586A00738B31 /* Sources */,
				AFE37B2F2226586A00738B31 /* Frameworks */,
				AFE37B302226586A00738B31 /* Resources */,
				4D28A85B38F497F933CD9A56 /* [CP] Embed Pods Frameworks */,
			);
			buildRules = (
			);
			dependencies = (
			);
			name = SwiftBrandon;
			productName = SwiftBrandon;
			productReference = AFE37B322226586A00738B31 /* SwiftBrandon.app */;
			productType = "com.apple.product-type.application";
		};
		AFE37B452226586C00738B31 /* SwiftBrandonTests */ = {
			isa = PBXNativeTarget;
			buildConfigurationList = AFE37B5D2226586C00738B31 /* Build configuration list for PBXNativeTarget "SwiftBrandonTests" */;
			buildPhases = (
				3A7A09A95FA221C42E021B1F /* [CP] Check Pods Manifest.lock */,
				AFE37B422226586C00738B31 /* Sources */,
				AFE37B432226586C00738B31 /* Frameworks */,
				AFE37B442226586C00738B31 /* Resources */,
			);
			buildRules = (
			);
			dependencies = (
				AFE37B482226586C00738B31 /* PBXTargetDependency */,
			);
			name = SwiftBrandonTests;
			productName = SwiftBrandonTests;
			productReference = AFE37B462226586C00738B31 /* SwiftBrandonTests.xctest */;
			productType = "com.apple.product-type.bundle.unit-test";
		};
		AFE37B502226586C00738B31 /* SwiftBrandonUITests */ = {
			isa = PBXNativeTarget;
			buildConfigurationList = AFE37B602226586C00738B31 /* Build configuration list for PBXNativeTarget "SwiftBrandonUITests" */;
			buildPhases = (
				B0DA70480B6E1BB4E0DC4E0D /* [CP] Check Pods Manifest.lock */,
				AFE37B4D2226586C00738B31 /* Sources */,
				AFE37B4E2226586C00738B31 /* Frameworks */,
				AFE37B4F2226586C00738B31 /* Resources */,
			);
			buildRules = (
			);
			dependencies = (
				AFE37B532226586C00738B31 /* PBXTargetDependency */,
			);
			name = SwiftBrandonUITests;
			productName = SwiftBrandonUITests;
			productReference = AFE37B512226586C00738B31 /* SwiftBrandonUITests.xctest */;
			productType = "com.apple.product-type.bundle.ui-testing";
		};
/* End PBXNativeTarget section */

/* Begin PBXProject section */
		AFE37B2A2226586A00738B31 /* Project object */ = {
			isa = PBXProject;
			attributes = {
				LastSwiftUpdateCheck = 1000;
				LastUpgradeCheck = 1000;
				ORGANIZATIONNAME = yuhuiMr;
				TargetAttributes = {
					AFE37B312226586A00738B31 = {
						CreatedOnToolsVersion = 10.0;
						LastSwiftMigration = 1000;
					};
					AFE37B452226586C00738B31 = {
						CreatedOnToolsVersion = 10.0;
						TestTargetID = AFE37B312226586A00738B31;
					};
					AFE37B502226586C00738B31 = {
						CreatedOnToolsVersion = 10.0;
						TestTargetID = AFE37B312226586A00738B31;
					};
				};
			};
			buildConfigurationList = AFE37B2D2226586A00738B31 /* Build configuration list for PBXProject "SwiftBrandon" */;
			compatibilityVersion = "Xcode 9.3";
			developmentRegion = en;
			hasScannedForEncodings = 0;
			knownRegions = (
				en,
				Base,
			);
			mainGroup = AFE37B292226586A00738B31;
			productRefGroup = AFE37B332226586A00738B31 /* Products */;
			projectDirPath = "";
			projectRoot = "";
			targets = (
				AFE37B312226586A00738B31 /* SwiftBrandon */,
				AFE37B452226586C00738B31 /* SwiftBrandonTests */,
				AFE37B502226586C00738B31 /* SwiftBrandonUITests */,
			);
		};
/* End PBXProject section */

/* Begin PBXResourcesBuildPhase section */
		AFE37B302226586A00738B31 /* Resources */ = {
			isa = PBXResourcesBuildPhase;
			buildActionMask = 2147483647;
			files = (
				AF68F0B22237735100F44B7B /* 01.mp4 in Resources */,
				AFE37B402226586C00738B31 /* LaunchScreen.storyboard in Resources */,
				AFE37B3D2226586C00738B31 /* Assets.xcassets in Resources */,
				AFE37B3B2226586A00738B31 /* Main.storyboard in Resources */,
				AF68F0F52238C9DC00F44B7B /* video_api_get_category_v3.json in Resources */,
				AF68F0B62237739200F44B7B /* color.json in Resources */,
				AF68F1042238F88400F44B7B /* video_api_zhibo.json in Resources */,
				AF68F0AE2237729D00F44B7B /* like-cancel.json in Resources */,
				AF68F1002238F1D700F44B7B /* SBrTLVideoElseCell.xib in Resources */,
				AF68F0AF2237729D00F44B7B /* like.json in Resources */,
				AF68F1032238F88400F44B7B /* video_api_tuijian.json in Resources */,
				AF68F0B8223773D600F44B7B /* demo.json in Resources */,
				AF68F16D2239135700F44B7B /* WebP.sh in Resources */,
				AF68F0B42237737D00F44B7B /* city.plist in Resources */,
			);
			runOnlyForDeploymentPostprocessing = 0;
		};
		AFE37B442226586C00738B31 /* Resources */ = {
			isa = PBXResourcesBuildPhase;
			buildActionMask = 2147483647;
			files = (
			);
			runOnlyForDeploymentPostprocessing = 0;
		};
		AFE37B4F2226586C00738B31 /* Resources */ = {
			isa = PBXResourcesBuildPhase;
			buildActionMask = 2147483647;
			files = (
			);
			runOnlyForDeploymentPostprocessing = 0;
		};
/* End PBXResourcesBuildPhase section */

/* Begin PBXShellScriptBuildPhase section */
		1066B4A869FF45F5C8B2A056 /* [CP] Check Pods Manifest.lock */ = {
			isa = PBXShellScriptBuildPhase;
			buildActionMask = 2147483647;
			files = (
			);
			inputFileListPaths = (
			);
			inputPaths = (
				"${PODS_PODFILE_DIR_PATH}/Podfile.lock",
				"${PODS_ROOT}/Manifest.lock",
			);
			name = "[CP] Check Pods Manifest.lock";
			outputFileListPaths = (
			);
			outputPaths = (
				"$(DERIVED_FILE_DIR)/Pods-SwiftBrandon-checkManifestLockResult.txt",
			);
			runOnlyForDeploymentPostprocessing = 0;
			shellPath = /bin/sh;
			shellScript = "diff \"${PODS_PODFILE_DIR_PATH}/Podfile.lock\" \"${PODS_ROOT}/Manifest.lock\" > /dev/null\nif [ $? != 0 ] ; then\n    # print error to STDERR\n    echo \"error: The sandbox is not in sync with the Podfile.lock. Run 'pod install' or update your CocoaPods installation.\" >&2\n    exit 1\nfi\n# This output is used by Xcode 'outputs' to avoid re-running this script phase.\necho \"SUCCESS\" > \"${SCRIPT_OUTPUT_FILE_0}\"\n";
			showEnvVarsInLog = 0;
		};
		3A7A09A95FA221C42E021B1F /* [CP] Check Pods Manifest.lock */ = {
			isa = PBXShellScriptBuildPhase;
			buildActionMask = 2147483647;
			files = (
			);
			inputFileListPaths = (
			);
			inputPaths = (
				"${PODS_PODFILE_DIR_PATH}/Podfile.lock",
				"${PODS_ROOT}/Manifest.lock",
			);
			name = "[CP] Check Pods Manifest.lock";
			outputFileListPaths = (
			);
			outputPaths = (
				"$(DERIVED_FILE_DIR)/Pods-SwiftBrandonTests-checkManifestLockResult.txt",
			);
			runOnlyForDeploymentPostprocessing = 0;
			shellPath = /bin/sh;
			shellScript = "diff \"${PODS_PODFILE_DIR_PATH}/Podfile.lock\" \"${PODS_ROOT}/Manifest.lock\" > /dev/null\nif [ $? != 0 ] ; then\n    # print error to STDERR\n    echo \"error: The sandbox is not in sync with the Podfile.lock. Run 'pod install' or update your CocoaPods installation.\" >&2\n    exit 1\nfi\n# This output is used by Xcode 'outputs' to avoid re-running this script phase.\necho \"SUCCESS\" > \"${SCRIPT_OUTPUT_FILE_0}\"\n";
			showEnvVarsInLog = 0;
		};
		4D28A85B38F497F933CD9A56 /* [CP] Embed Pods Frameworks */ = {
			isa = PBXShellScriptBuildPhase;
			buildActionMask = 2147483647;
			files = (
			);
			inputFileListPaths = (
			);
			inputPaths = (
				"${SRCROOT}/Pods/Target Support Files/Pods-SwiftBrandon/Pods-SwiftBrandon-frameworks.sh",
				"${BUILT_PRODUCTS_DIR}/Alamofire/Alamofire.framework",
				"${BUILT_PRODUCTS_DIR}/CocoaLumberjack/CocoaLumberjack.framework",
				"${BUILT_PRODUCTS_DIR}/FSPagerView/FSPagerView.framework",
				"${BUILT_PRODUCTS_DIR}/HandyJSON/HandyJSON.framework",
				"${BUILT_PRODUCTS_DIR}/JXSegmentedView/JXSegmentedView.framework",
				"${BUILT_PRODUCTS_DIR}/Kingfisher/Kingfisher.framework",
				"${BUILT_PRODUCTS_DIR}/MBProgressHUD/MBProgressHUD.framework",
				"${BUILT_PRODUCTS_DIR}/MJRefresh/MJRefresh.framework",
				"${BUILT_PRODUCTS_DIR}/Moya/Moya.framework",
				"${BUILT_PRODUCTS_DIR}/Result/Result.framework",
				"${BUILT_PRODUCTS_DIR}/SVProgressHUD/SVProgressHUD.framework",
				"${BUILT_PRODUCTS_DIR}/SnapKit/SnapKit.framework",
				"${BUILT_PRODUCTS_DIR}/StreamingKit/StreamingKit.framework",
				"${BUILT_PRODUCTS_DIR}/SwiftyJSON/SwiftyJSON.framework",
			);
			name = "[CP] Embed Pods Frameworks";
			outputFileListPaths = (
			);
			outputPaths = (
				"${TARGET_BUILD_DIR}/${FRAMEWORKS_FOLDER_PATH}/Alamofire.framework",
				"${TARGET_BUILD_DIR}/${FRAMEWORKS_FOLDER_PATH}/CocoaLumberjack.framework",
				"${TARGET_BUILD_DIR}/${FRAMEWORKS_FOLDER_PATH}/FSPagerView.framework",
				"${TARGET_BUILD_DIR}/${FRAMEWORKS_FOLDER_PATH}/HandyJSON.framework",
				"${TARGET_BUILD_DIR}/${FRAMEWORKS_FOLDER_PATH}/JXSegmentedView.framework",
				"${TARGET_BUILD_DIR}/${FRAMEWORKS_FOLDER_PATH}/Kingfisher.framework",
				"${TARGET_BUILD_DIR}/${FRAMEWORKS_FOLDER_PATH}/MBProgressHUD.framework",
				"${TARGET_BUILD_DIR}/${FRAMEWORKS_FOLDER_PATH}/MJRefresh.framework",
				"${TARGET_BUILD_DIR}/${FRAMEWORKS_FOLDER_PATH}/Moya.framework",
				"${TARGET_BUILD_DIR}/${FRAMEWORKS_FOLDER_PATH}/Result.framework",
				"${TARGET_BUILD_DIR}/${FRAMEWORKS_FOLDER_PATH}/SVProgressHUD.framework",
				"${TARGET_BUILD_DIR}/${FRAMEWORKS_FOLDER_PATH}/SnapKit.framework",
				"${TARGET_BUILD_DIR}/${FRAMEWORKS_FOLDER_PATH}/StreamingKit.framework",
				"${TARGET_BUILD_DIR}/${FRAMEWORKS_FOLDER_PATH}/SwiftyJSON.framework",
			);
			runOnlyForDeploymentPostprocessing = 0;
			shellPath = /bin/sh;
			shellScript = "\"${SRCROOT}/Pods/Target Support Files/Pods-SwiftBrandon/Pods-SwiftBrandon-frameworks.sh\"\n";
			showEnvVarsInLog = 0;
		};
		B0DA70480B6E1BB4E0DC4E0D /* [CP] Check Pods Manifest.lock */ = {
			isa = PBXShellScriptBuildPhase;
			buildActionMask = 2147483647;
			files = (
			);
			inputFileListPaths = (
			);
			inputPaths = (
				"${PODS_PODFILE_DIR_PATH}/Podfile.lock",
				"${PODS_ROOT}/Manifest.lock",
			);
			name = "[CP] Check Pods Manifest.lock";
			outputFileListPaths = (
			);
			outputPaths = (
				"$(DERIVED_FILE_DIR)/Pods-SwiftBrandonUITests-checkManifestLockResult.txt",
			);
			runOnlyForDeploymentPostprocessing = 0;
			shellPath = /bin/sh;
			shellScript = "diff \"${PODS_PODFILE_DIR_PATH}/Podfile.lock\" \"${PODS_ROOT}/Manifest.lock\" > /dev/null\nif [ $? != 0 ] ; then\n    # print error to STDERR\n    echo \"error: The sandbox is not in sync with the Podfile.lock. Run 'pod install' or update your CocoaPods installation.\" >&2\n    exit 1\nfi\n# This output is used by Xcode 'outputs' to avoid re-running this script phase.\necho \"SUCCESS\" > \"${SCRIPT_OUTPUT_FILE_0}\"\n";
			showEnvVarsInLog = 0;
		};
/* End PBXShellScriptBuildPhase section */

/* Begin PBXSourcesBuildPhase section */
		AFE37B2E2226586A00738B31 /* Sources */ = {
			isa = PBXSourcesBuildPhase;
			buildActionMask = 2147483647;
			files = (
				AF68F0BD223784E400F44B7B /* SBrColor.swift in Sources */,
				AF68F1552239135700F44B7B /* FLAnimatedImage.m in Sources */,
				AF68F0A22236865D00F44B7B /* SBrSetViewController.swift in Sources */,
				AF68F1682239135700F44B7B /* SDImageCacheConfig.m in Sources */,
				AF68F1502239135700F44B7B /* UIImageView+HighlightedWebCache.m in Sources */,
				AF68F14F2239135700F44B7B /* SDWebImageManager.m in Sources */,
				AFE37B922226657B00738B31 /* UIView+SBrCategory.m in Sources */,
				AF68F1542239135700F44B7B /* FLAnimatedImageView+WebCache.m in Sources */,
				AF68F1602239135700F44B7B /* SDImageCache.m in Sources */,
				AF68F1572239135700F44B7B /* SDWebImageDownloader.m in Sources */,
				AF68F09A223685E000F44B7B /* SBrHomeViewController.swift in Sources */,
				AF68F0DE2237C9EB00F44B7B /* SBrVideoViewModel.swift in Sources */,
				AF68F14D2239135700F44B7B /* UIImage+WebP.m in Sources */,
				AF68F1622239135700F44B7B /* SDWebImageTransition.m in Sources */,
				AFE37B9522266B0000738B31 /* UIColor+Utils.m in Sources */,
				AF68F1642239135700F44B7B /* UIImageView+WebCache.m in Sources */,
				AF68F15F2239135700F44B7B /* SDAnimatedImageRep.m in Sources */,
				AF68F15B2239135700F44B7B /* SDWebImageCompat.m in Sources */,
				AF68F0FF2238F1D700F44B7B /* SBrTLVideoElseCell.swift in Sources */,
				AF68F15A2239135700F44B7B /* SDWebImageCoderHelper.m in Sources */,
				AF68F16B2239135700F44B7B /* SDWebImageImageIOCoder.m in Sources */,
				AF68F16A2239135700F44B7B /* UIView+WebCache.m in Sources */,
				AF68F0DC2237C91E00F44B7B /* SBrVideoModel.swift in Sources */,
				AF68F1532239135700F44B7B /* SDWebImageCodersManager.m in Sources */,
				AF68F0BB2237842200F44B7B /* SBrVideoViewController.swift in Sources */,
				AF68F1512239135700F44B7B /* SDWebImageFrame.m in Sources */,
				AF68F1522239135700F44B7B /* UIImage+ForceDecode.m in Sources */,
				AF68F1582239135700F44B7B /* UIImage+GIF.m in Sources */,
				AF68F15D2239135700F44B7B /* SDWebImageCoder.m in Sources */,
				AF68F0A02236860400F44B7B /* SBrMineViewController.swift in Sources */,
				AFE37B382226586A00738B31 /* ViewController.swift in Sources */,
				AF68F1562239135700F44B7B /* FLAnimatedImageView.m in Sources */,
				AF68F09C223685ED00F44B7B /* SBrMessageViewController.swift in Sources */,
				AF68F1662239135700F44B7B /* SDWebImageGIFCoder.m in Sources */,
				AF68F16F2239135700F44B7B /* SDWebImageWebPCoder.m in Sources */,
				AF68F0CD2237BD6C00F44B7B /* SBrTLVideoAttentionController.swift in Sources */,
				AF68F0DA2237C3F800F44B7B /* SBrVideoAPI.swift in Sources */,
				AF68F1592239135700F44B7B /* UIImage+MultiFormat.m in Sources */,
				AF68F16E2239135700F44B7B /* UIButton+WebCache.m in Sources */,
				AF68F09E223685F900F44B7B /* SBrDiscoverViewController.swift in Sources */,
				AF68F0E02237D30C00F44B7B /* SBrVideoCategoryCell.swift in Sources */,
				AFE37B99222673A600738B31 /* SBrNavigationController.swift in Sources */,
				AF68F0C02237BC9F00F44B7B /* SBrTLVideoLiveController.swift in Sources */,
				AFE37B9722266CEE00738B31 /* SBrConstants.swift in Sources */,
				AF68F1652239135700F44B7B /* NSImage+WebCache.m in Sources */,
				AF68F0D72237BDFB00F44B7B /* SBrTLVideoElseAPI.swift in Sources */,
				AFE37B8B22265E6F00738B31 /* SBrTabBar.swift in Sources */,
				AF68F1692239135700F44B7B /* UIView+WebCacheOperation.m in Sources */,
				AFE37B362226586A00738B31 /* AppDelegate.swift in Sources */,
				AF68F1612239135700F44B7B /* SDWebImageDownloaderOperation.m in Sources */,
				AF68F14E2239135700F44B7B /* MKAnnotationView+WebCache.m in Sources */,
				AF68F0D02237BDA100F44B7B /* SBrTLVideoElseController.swift in Sources */,
				AF68F1632239135700F44B7B /* NSData+ImageContentType.m in Sources */,
				AF68F0E32237D42300F44B7B /* SBrHeader.swift in Sources */,
				AFE37B8D22265E8800738B31 /* SBrTabBarController.swift in Sources */,
				AF68F0F82238CE6600F44B7B /* MBProgressHUD+JJ.m in Sources */,
				AF68F15C2239135700F44B7B /* SDWebImagePrefetcher.m in Sources */,
				AF68F092223684D000F44B7B /* SBrBaseViewController.swift in Sources */,
				AF68F15E2239135700F44B7B /* NSButton+WebCache.m in Sources */,
				AF68F1672239135700F44B7B /* UIImage+MemoryCacheCost.m in Sources */,
				AF68F094223684E500F44B7B /* SBrBaseView.swift in Sources */,
			);
			runOnlyForDeploymentPostprocessing = 0;
		};
		AFE37B422226586C00738B31 /* Sources */ = {
			isa = PBXSourcesBuildPhase;
			buildActionMask = 2147483647;
			files = (
				AFE37B4B2226586C00738B31 /* SwiftBrandonTests.swift in Sources */,
			);
			runOnlyForDeploymentPostprocessing = 0;
		};
		AFE37B4D2226586C00738B31 /* Sources */ = {
			isa = PBXSourcesBuildPhase;
			buildActionMask = 2147483647;
			files = (
				AFE37B562226586C00738B31 /* SwiftBrandonUITests.swift in Sources */,
			);
			runOnlyForDeploymentPostprocessing = 0;
		};
/* End PBXSourcesBuildPhase section */

/* Begin PBXTargetDependency section */
		AFE37B482226586C00738B31 /* PBXTargetDependency */ = {
			isa = PBXTargetDependency;
			target = AFE37B312226586A00738B31 /* SwiftBrandon */;
			targetProxy = AFE37B472226586C00738B31 /* PBXContainerItemProxy */;
		};
		AFE37B532226586C00738B31 /* PBXTargetDependency */ = {
			isa = PBXTargetDependency;
			target = AFE37B312226586A00738B31 /* SwiftBrandon */;
			targetProxy = AFE37B522226586C00738B31 /* PBXContainerItemProxy */;
		};
/* End PBXTargetDependency section */

/* Begin PBXVariantGroup section */
		AFE37B392226586A00738B31 /* Main.storyboard */ = {
			isa = PBXVariantGroup;
			children = (
				AFE37B3A2226586A00738B31 /* Base */,
			);
			name = Main.storyboard;
			sourceTree = "<group>";
		};
		AFE37B3E2226586C00738B31 /* LaunchScreen.storyboard */ = {
			isa = PBXVariantGroup;
			children = (
				AFE37B3F2226586C00738B31 /* Base */,
			);
			name = LaunchScreen.storyboard;
			sourceTree = "<group>";
		};
/* End PBXVariantGroup section */

/* Begin XCBuildConfiguration section */
		AFE37B582226586C00738B31 /* Debug */ = {
			isa = XCBuildConfiguration;
			buildSettings = {
				ALWAYS_SEARCH_USER_PATHS = NO;
				CLANG_ANALYZER_NONNULL = YES;
				CLANG_ANALYZER_NUMBER_OBJECT_CONVERSION = YES_AGGRESSIVE;
				CLANG_CXX_LANGUAGE_STANDARD = "gnu++14";
				CLANG_CXX_LIBRARY = "libc++";
				CLANG_ENABLE_MODULES = YES;
				CLANG_ENABLE_OBJC_ARC = YES;
				CLANG_ENABLE_OBJC_WEAK = YES;
				CLANG_WARN_BLOCK_CAPTURE_AUTORELEASING = YES;
				CLANG_WARN_BOOL_CONVERSION = YES;
				CLANG_WARN_COMMA = YES;
				CLANG_WARN_CONSTANT_CONVERSION = YES;
				CLANG_WARN_DEPRECATED_OBJC_IMPLEMENTATIONS = YES;
				CLANG_WARN_DIRECT_OBJC_ISA_USAGE = YES_ERROR;
				CLANG_WARN_DOCUMENTATION_COMMENTS = YES;
				CLANG_WARN_EMPTY_BODY = YES;
				CLANG_WARN_ENUM_CONVERSION = YES;
				CLANG_WARN_INFINITE_RECURSION = YES;
				CLANG_WARN_INT_CONVERSION = YES;
				CLANG_WARN_NON_LITERAL_NULL_CONVERSION = YES;
				CLANG_WARN_OBJC_IMPLICIT_RETAIN_SELF = YES;
				CLANG_WARN_OBJC_LITERAL_CONVERSION = YES;
				CLANG_WARN_OBJC_ROOT_CLASS = YES_ERROR;
				CLANG_WARN_RANGE_LOOP_ANALYSIS = YES;
				CLANG_WARN_STRICT_PROTOTYPES = YES;
				CLANG_WARN_SUSPICIOUS_MOVE = YES;
				CLANG_WARN_UNGUARDED_AVAILABILITY = YES_AGGRESSIVE;
				CLANG_WARN_UNREACHABLE_CODE = YES;
				CLANG_WARN__DUPLICATE_METHOD_MATCH = YES;
				CODE_SIGN_IDENTITY = "iPhone Developer";
				COPY_PHASE_STRIP = NO;
				DEBUG_INFORMATION_FORMAT = dwarf;
				ENABLE_STRICT_OBJC_MSGSEND = YES;
				ENABLE_TESTABILITY = YES;
				GCC_C_LANGUAGE_STANDARD = gnu11;
				GCC_DYNAMIC_NO_PIC = NO;
				GCC_NO_COMMON_BLOCKS = YES;
				GCC_OPTIMIZATION_LEVEL = 0;
				GCC_PREPROCESSOR_DEFINITIONS = (
					"DEBUG=1",
					"$(inherited)",
				);
				GCC_WARN_64_TO_32_BIT_CONVERSION = YES;
				GCC_WARN_ABOUT_RETURN_TYPE = YES_ERROR;
				GCC_WARN_UNDECLARED_SELECTOR = YES;
				GCC_WARN_UNINITIALIZED_AUTOS = YES_AGGRESSIVE;
				GCC_WARN_UNUSED_FUNCTION = YES;
				GCC_WARN_UNUSED_VARIABLE = YES;
				IPHONEOS_DEPLOYMENT_TARGET = 12.0;
				MTL_ENABLE_DEBUG_INFO = INCLUDE_SOURCE;
				MTL_FAST_MATH = YES;
				ONLY_ACTIVE_ARCH = YES;
				SDKROOT = iphoneos;
				SWIFT_ACTIVE_COMPILATION_CONDITIONS = DEBUG;
				SWIFT_OPTIMIZATION_LEVEL = "-Onone";
			};
			name = Debug;
		};
		AFE37B592226586C00738B31 /* Release */ = {
			isa = XCBuildConfiguration;
			buildSettings = {
				ALWAYS_SEARCH_USER_PATHS = NO;
				CLANG_ANALYZER_NONNULL = YES;
				CLANG_ANALYZER_NUMBER_OBJECT_CONVERSION = YES_AGGRESSIVE;
				CLANG_CXX_LANGUAGE_STANDARD = "gnu++14";
				CLANG_CXX_LIBRARY = "libc++";
				CLANG_ENABLE_MODULES = YES;
				CLANG_ENABLE_OBJC_ARC = YES;
				CLANG_ENABLE_OBJC_WEAK = YES;
				CLANG_WARN_BLOCK_CAPTURE_AUTORELEASING = YES;
				CLANG_WARN_BOOL_CONVERSION = YES;
				CLANG_WARN_COMMA = YES;
				CLANG_WARN_CONSTANT_CONVERSION = YES;
				CLANG_WARN_DEPRECATED_OBJC_IMPLEMENTATIONS = YES;
				CLANG_WARN_DIRECT_OBJC_ISA_USAGE = YES_ERROR;
				CLANG_WARN_DOCUMENTATION_COMMENTS = YES;
				CLANG_WARN_EMPTY_BODY = YES;
				CLANG_WARN_ENUM_CONVERSION = YES;
				CLANG_WARN_INFINITE_RECURSION = YES;
				CLANG_WARN_INT_CONVERSION = YES;
				CLANG_WARN_NON_LITERAL_NULL_CONVERSION = YES;
				CLANG_WARN_OBJC_IMPLICIT_RETAIN_SELF = YES;
				CLANG_WARN_OBJC_LITERAL_CONVERSION = YES;
				CLANG_WARN_OBJC_ROOT_CLASS = YES_ERROR;
				CLANG_WARN_RANGE_LOOP_ANALYSIS = YES;
				CLANG_WARN_STRICT_PROTOTYPES = YES;
				CLANG_WARN_SUSPICIOUS_MOVE = YES;
				CLANG_WARN_UNGUARDED_AVAILABILITY = YES_AGGRESSIVE;
				CLANG_WARN_UNREACHABLE_CODE = YES;
				CLANG_WARN__DUPLICATE_METHOD_MATCH = YES;
				CODE_SIGN_IDENTITY = "iPhone Developer";
				COPY_PHASE_STRIP = NO;
				DEBUG_INFORMATION_FORMAT = "dwarf-with-dsym";
				ENABLE_NS_ASSERTIONS = NO;
				ENABLE_STRICT_OBJC_MSGSEND = YES;
				GCC_C_LANGUAGE_STANDARD = gnu11;
				GCC_NO_COMMON_BLOCKS = YES;
				GCC_WARN_64_TO_32_BIT_CONVERSION = YES;
				GCC_WARN_ABOUT_RETURN_TYPE = YES_ERROR;
				GCC_WARN_UNDECLARED_SELECTOR = YES;
				GCC_WARN_UNINITIALIZED_AUTOS = YES_AGGRESSIVE;
				GCC_WARN_UNUSED_FUNCTION = YES;
				GCC_WARN_UNUSED_VARIABLE = YES;
				IPHONEOS_DEPLOYMENT_TARGET = 12.0;
				MTL_ENABLE_DEBUG_INFO = NO;
				MTL_FAST_MATH = YES;
				SDKROOT = iphoneos;
				SWIFT_COMPILATION_MODE = wholemodule;
				SWIFT_OPTIMIZATION_LEVEL = "-O";
				VALIDATE_PRODUCT = YES;
			};
			name = Release;
		};
		AFE37B5B2226586C00738B31 /* Debug */ = {
			isa = XCBuildConfiguration;
			baseConfigurationReference = 86A202A931B40A8C2D0B1D77 /* Pods-SwiftBrandon.debug.xcconfig */;
			buildSettings = {
				ASSETCATALOG_COMPILER_APPICON_NAME = AppIcon;
				ASSETCATALOG_COMPILER_LAUNCHIMAGE_NAME = LaunchImage;
				CLANG_ENABLE_MODULES = YES;
				CODE_SIGN_STYLE = Automatic;
				FRAMEWORK_SEARCH_PATHS = (
					"$(inherited)",
					"$(PROJECT_DIR)/SwiftBrandon/Classes/ThirdPartyLib/SDWebImage/Vendor",
				);
				GCC_PREPROCESSOR_DEFINITIONS = (
					"$(inherited)",
					"COCOAPODS=1",
					"SD_WEBP=1",
				);
				INFOPLIST_FILE = SwiftBrandon/Info.plist;
				IPHONEOS_DEPLOYMENT_TARGET = 9.0;
				LD_RUNPATH_SEARCH_PATHS = (
					"$(inherited)",
					"@executable_path/Frameworks",
				);
				PRODUCT_BUNDLE_IDENTIFIER = com.yuhuiMr.SwiftBrandon;
				PRODUCT_NAME = "$(TARGET_NAME)";
				SWIFT_OBJC_BRIDGING_HEADER = "SwiftBrandon/Classes/Utilities/SwiftBrandon-Bridging-Header.h";
				SWIFT_OPTIMIZATION_LEVEL = "-Onone";
				SWIFT_VERSION = 4.2;
				TARGETED_DEVICE_FAMILY = "1,2";
			};
			name = Debug;
		};
		AFE37B5C2226586C00738B31 /* Release */ = {
			isa = XCBuildConfiguration;
			baseConfigurationReference = D845638C5D4EB86247E8A4E0 /* Pods-SwiftBrandon.release.xcconfig */;
			buildSettings = {
				ASSETCATALOG_COMPILER_APPICON_NAME = AppIcon;
				ASSETCATALOG_COMPILER_LAUNCHIMAGE_NAME = LaunchImage;
				CLANG_ENABLE_MODULES = YES;
				CODE_SIGN_STYLE = Automatic;
				FRAMEWORK_SEARCH_PATHS = (
					"$(inherited)",
					"$(PROJECT_DIR)/SwiftBrandon/Classes/ThirdPartyLib/SDWebImage/Vendor",
				);
				GCC_PREPROCESSOR_DEFINITIONS = (
					"$(inherited)",
					"COCOAPODS=1",
					"SD_WEBP=1",
				);
				INFOPLIST_FILE = SwiftBrandon/Info.plist;
				IPHONEOS_DEPLOYMENT_TARGET = 9.0;
				LD_RUNPATH_SEARCH_PATHS = (
					"$(inherited)",
					"@executable_path/Frameworks",
				);
				PRODUCT_BUNDLE_IDENTIFIER = com.yuhuiMr.SwiftBrandon;
				PRODUCT_NAME = "$(TARGET_NAME)";
				SWIFT_OBJC_BRIDGING_HEADER = "SwiftBrandon/Classes/Utilities/SwiftBrandon-Bridging-Header.h";
				SWIFT_VERSION = 4.2;
				TARGETED_DEVICE_FAMILY = "1,2";
			};
			name = Release;
		};
		AFE37B5E2226586C00738B31 /* Debug */ = {
			isa = XCBuildConfiguration;
			baseConfigurationReference = 91DB197326C84DCE62BA207C /* Pods-SwiftBrandonTests.debug.xcconfig */;
			buildSettings = {
				ALWAYS_EMBED_SWIFT_STANDARD_LIBRARIES = YES;
				BUNDLE_LOADER = "$(TEST_HOST)";
				CODE_SIGN_STYLE = Automatic;
				INFOPLIST_FILE = SwiftBrandonTests/Info.plist;
				LD_RUNPATH_SEARCH_PATHS = (
					"$(inherited)",
					"@executable_path/Frameworks",
					"@loader_path/Frameworks",
				);
				PRODUCT_BUNDLE_IDENTIFIER = com.yuhuiMr.SwiftBrandonTests;
				PRODUCT_NAME = "$(TARGET_NAME)";
				SWIFT_VERSION = 4.2;
				TARGETED_DEVICE_FAMILY = "1,2";
				TEST_HOST = "$(BUILT_PRODUCTS_DIR)/SwiftBrandon.app/SwiftBrandon";
			};
			name = Debug;
		};
		AFE37B5F2226586C00738B31 /* Release */ = {
			isa = XCBuildConfiguration;
			baseConfigurationReference = D0CCB740D8B22D0AF65E1224 /* Pods-SwiftBrandonTests.release.xcconfig */;
			buildSettings = {
				ALWAYS_EMBED_SWIFT_STANDARD_LIBRARIES = YES;
				BUNDLE_LOADER = "$(TEST_HOST)";
				CODE_SIGN_STYLE = Automatic;
				INFOPLIST_FILE = SwiftBrandonTests/Info.plist;
				LD_RUNPATH_SEARCH_PATHS = (
					"$(inherited)",
					"@executable_path/Frameworks",
					"@loader_path/Frameworks",
				);
				PRODUCT_BUNDLE_IDENTIFIER = com.yuhuiMr.SwiftBrandonTests;
				PRODUCT_NAME = "$(TARGET_NAME)";
				SWIFT_VERSION = 4.2;
				TARGETED_DEVICE_FAMILY = "1,2";
				TEST_HOST = "$(BUILT_PRODUCTS_DIR)/SwiftBrandon.app/SwiftBrandon";
			};
			name = Release;
		};
		AFE37B612226586C00738B31 /* Debug */ = {
			isa = XCBuildConfiguration;
			baseConfigurationReference = D46C182B3508FF72D1C1D578 /* Pods-SwiftBrandonUITests.debug.xcconfig */;
			buildSettings = {
				ALWAYS_EMBED_SWIFT_STANDARD_LIBRARIES = YES;
				CODE_SIGN_STYLE = Automatic;
				INFOPLIST_FILE = SwiftBrandonUITests/Info.plist;
				LD_RUNPATH_SEARCH_PATHS = (
					"$(inherited)",
					"@executable_path/Frameworks",
					"@loader_path/Frameworks",
				);
				PRODUCT_BUNDLE_IDENTIFIER = com.yuhuiMr.SwiftBrandonUITests;
				PRODUCT_NAME = "$(TARGET_NAME)";
				SWIFT_VERSION = 4.2;
				TARGETED_DEVICE_FAMILY = "1,2";
				TEST_TARGET_NAME = SwiftBrandon;
			};
			name = Debug;
		};
		AFE37B622226586C00738B31 /* Release */ = {
			isa = XCBuildConfiguration;
			baseConfigurationReference = 95BA61F5BDDC1BFAB6AE6E5C /* Pods-SwiftBrandonUITests.release.xcconfig */;
			buildSettings = {
				ALWAYS_EMBED_SWIFT_STANDARD_LIBRARIES = YES;
				CODE_SIGN_STYLE = Automatic;
				INFOPLIST_FILE = SwiftBrandonUITests/Info.plist;
				LD_RUNPATH_SEARCH_PATHS = (
					"$(inherited)",
					"@executable_path/Frameworks",
					"@loader_path/Frameworks",
				);
				PRODUCT_BUNDLE_IDENTIFIER = com.yuhuiMr.SwiftBrandonUITests;
				PRODUCT_NAME = "$(TARGET_NAME)";
				SWIFT_VERSION = 4.2;
				TARGETED_DEVICE_FAMILY = "1,2";
				TEST_TARGET_NAME = SwiftBrandon;
			};
			name = Release;
		};
/* End XCBuildConfiguration section */

/* Begin XCConfigurationList section */
		AFE37B2D2226586A00738B31 /* Build configuration list for PBXProject "SwiftBrandon" */ = {
			isa = XCConfigurationList;
			buildConfigurations = (
				AFE37B582226586C00738B31 /* Debug */,
				AFE37B592226586C00738B31 /* Release */,
			);
			defaultConfigurationIsVisible = 0;
			defaultConfigurationName = Release;
		};
		AFE37B5A2226586C00738B31 /* Build configuration list for PBXNativeTarget "SwiftBrandon" */ = {
			isa = XCConfigurationList;
			buildConfigurations = (
				AFE37B5B2226586C00738B31 /* Debug */,
				AFE37B5C2226586C00738B31 /* Release */,
			);
			defaultConfigurationIsVisible = 0;
			defaultConfigurationName = Release;
		};
		AFE37B5D2226586C00738B31 /* Build configuration list for PBXNativeTarget "SwiftBrandonTests" */ = {
			isa = XCConfigurationList;
			buildConfigurations = (
				AFE37B5E2226586C00738B31 /* Debug */,
				AFE37B5F2226586C00738B31 /* Release */,
			);
			defaultConfigurationIsVisible = 0;
			defaultConfigurationName = Release;
		};
		AFE37B602226586C00738B31 /* Build configuration list for PBXNativeTarget "SwiftBrandonUITests" */ = {
			isa = XCConfigurationList;
			buildConfigurations = (
				AFE37B612226586C00738B31 /* Debug */,
				AFE37B622226586C00738B31 /* Release */,
			);
			defaultConfigurationIsVisible = 0;
			defaultConfigurationName = Release;
		};
/* End XCConfigurationList section */
	};
	rootObject = AFE37B2A2226586A00738B31 /* Project object */;
}
