// !$*UTF8*$!
{
	archiveVersion = 1;
	classes = {
	};
	objectVersion = 50;
	objects = {

/* Begin PBXBuildFile section */
		0903221AC33FE1F8BE6311F9 /* Pods_SwiftBrandonUITests.framework in Frameworks */ = {isa = PBXBuildFile; fileRef = EE4640E5E41CEBBE7D8A3F86 /* Pods_SwiftBrandonUITests.framework */; };
		4A42B4964544CD562CE215AC /* Pods_SwiftBrandon.framework in Frameworks */ = {isa = PBXBuildFile; fileRef = E25D3453E55F69C9A66E104D /* Pods_SwiftBrandon.framework */; };
		AF68F092223684D000F44B7B /* SBrBaseViewController.swift in Sources */ = {isa = PBXBuildFile; fileRef = AF68F091223684D000F44B7B /* SBrBaseViewController.swift */; };
		AF68F094223684E500F44B7B /* SBrBaseView.swift in Sources */ = {isa = PBXBuildFile; fileRef = AF68F093223684E500F44B7B /* SBrBaseView.swift */; };
		AF68F09A223685E000F44B7B /* SBrHomeViewController.swift in Sources */ = {isa = PBXBuildFile; fileRef = AF68F099223685E000F44B7B /* SBrHomeViewController.swift */; };
		AF68F09C223685ED00F44B7B /* SBrMessageViewController.swift in Sources */ = {isa = PBXBuildFile; fileRef = AF68F09B223685ED00F44B7B /* SBrMessageViewController.swift */; };
		AF68F09E223685F900F44B7B /* SBrDiscoverViewController.swift in Sources */ = {isa = PBXBuildFile; fileRef = AF68F09D223685F900F44B7B /* SBrDiscoverViewController.swift */; };
		AF68F0A02236860400F44B7B /* SBrMineViewController.swift in Sources */ = {isa = PBXBuildFile; fileRef = AF68F09F2236860400F44B7B /* SBrMineViewController.swift */; };
		AF68F0A22236865D00F44B7B /* SBrSetViewController.swift in Sources */ = {isa = PBXBuildFile; fileRef = AF68F0A12236865D00F44B7B /* SBrSetViewController.swift */; };
		AF68F0A922369DD600F44B7B /* navigationBar_back@2x.png in Resources */ = {isa = PBXBuildFile; fileRef = AF68F0A822369DD600F44B7B /* navigationBar_back@2x.png */; };
		AFE37B362226586A00738B31 /* AppDelegate.swift in Sources */ = {isa = PBXBuildFile; fileRef = AFE37B352226586A00738B31 /* AppDelegate.swift */; };
		AFE37B382226586A00738B31 /* ViewController.swift in Sources */ = {isa = PBXBuildFile; fileRef = AFE37B372226586A00738B31 /* ViewController.swift */; };
		AFE37B3B2226586A00738B31 /* Main.storyboard in Resources */ = {isa = PBXBuildFile; fileRef = AFE37B392226586A00738B31 /* Main.storyboard */; };
		AFE37B3D2226586C00738B31 /* Assets.xcassets in Resources */ = {isa = PBXBuildFile; fileRef = AFE37B3C2226586C00738B31 /* Assets.xcassets */; };
		AFE37B402226586C00738B31 /* LaunchScreen.storyboard in Resources */ = {isa = PBXBuildFile; fileRef = AFE37B3E2226586C00738B31 /* LaunchScreen.storyboard */; };
		AFE37B4B2226586C00738B31 /* SwiftBrandonTests.swift in Sources */ = {isa = PBXBuildFile; fileRef = AFE37B4A2226586C00738B31 /* SwiftBrandonTests.swift */; };
		AFE37B562226586C00738B31 /* SwiftBrandonUITests.swift in Sources */ = {isa = PBXBuildFile; fileRef = AFE37B552226586C00738B31 /* SwiftBrandonUITests.swift */; };
		AFE37B7B22265DE200738B31 /* tabbar_background@2x.png in Resources */ = {isa = PBXBuildFile; fileRef = AFE37B6D22265DE100738B31 /* tabbar_background@2x.png */; };
		AFE37B7C22265DE200738B31 /* tabbar_home@2x.png in Resources */ = {isa = PBXBuildFile; fileRef = AFE37B6E22265DE100738B31 /* tabbar_home@2x.png */; };
		AFE37B7D22265DE200738B31 /* tabbar_discover_selected@2x.png in Resources */ = {isa = PBXBuildFile; fileRef = AFE37B6F22265DE100738B31 /* tabbar_discover_selected@2x.png */; };
		AFE37B7E22265DE200738B31 /* tabbar_compose_button@2x.png in Resources */ = {isa = PBXBuildFile; fileRef = AFE37B7022265DE100738B31 /* tabbar_compose_button@2x.png */; };
		AFE37B7F22265DE200738B31 /* tabbar_message_center_selected@2x.png in Resources */ = {isa = PBXBuildFile; fileRef = AFE37B7122265DE100738B31 /* tabbar_message_center_selected@2x.png */; };
		AFE37B8022265DE200738B31 /* tabbar_profile@2x.png in Resources */ = {isa = PBXBuildFile; fileRef = AFE37B7222265DE200738B31 /* tabbar_profile@2x.png */; };
		AFE37B8122265DE200738B31 /* tabbar_profile_selected@2x.png in Resources */ = {isa = PBXBuildFile; fileRef = AFE37B7322265DE200738B31 /* tabbar_profile_selected@2x.png */; };
		AFE37B8222265DE200738B31 /* tabbar_home_selected@2x.png in Resources */ = {isa = PBXBuildFile; fileRef = AFE37B7422265DE200738B31 /* tabbar_home_selected@2x.png */; };
		AFE37B8322265DE200738B31 /* tabbar_compose_icon_add@2x.png in Resources */ = {isa = PBXBuildFile; fileRef = AFE37B7522265DE200738B31 /* tabbar_compose_icon_add@2x.png */; };
		AFE37B8422265DE200738B31 /* tabbar_compose_button_highlighted@2x.png in Resources */ = {isa = PBXBuildFile; fileRef = AFE37B7622265DE200738B31 /* tabbar_compose_button_highlighted@2x.png */; };
		AFE37B8522265DE200738B31 /* main_badge@2x.png in Resources */ = {isa = PBXBuildFile; fileRef = AFE37B7722265DE200738B31 /* main_badge@2x.png */; };
		AFE37B8622265DE200738B31 /* tabbar_discover@2x.png in Resources */ = {isa = PBXBuildFile; fileRef = AFE37B7822265DE200738B31 /* tabbar_discover@2x.png */; };
		AFE37B8722265DE200738B31 /* tabbar_compose_icon_add_highlighted@2x.png in Resources */ = {isa = PBXBuildFile; fileRef = AFE37B7922265DE200738B31 /* tabbar_compose_icon_add_highlighted@2x.png */; };
		AFE37B8822265DE200738B31 /* tabbar_message_center@2x.png in Resources */ = {isa = PBXBuildFile; fileRef = AFE37B7A22265DE200738B31 /* tabbar_message_center@2x.png */; };
		AFE37B8B22265E6F00738B31 /* SBrTabBar.swift in Sources */ = {isa = PBXBuildFile; fileRef = AFE37B8A22265E6F00738B31 /* SBrTabBar.swift */; };
		AFE37B8D22265E8800738B31 /* SBrTabBarController.swift in Sources */ = {isa = PBXBuildFile; fileRef = AFE37B8C22265E8800738B31 /* SBrTabBarController.swift */; };
		AFE37B922226657B00738B31 /* UIView+SBrCategory.m in Sources */ = {isa = PBXBuildFile; fileRef = AFE37B912226657B00738B31 /* UIView+SBrCategory.m */; };
		AFE37B9522266B0000738B31 /* UIColor+Utils.m in Sources */ = {isa = PBXBuildFile; fileRef = AFE37B9422266B0000738B31 /* UIColor+Utils.m */; };
		AFE37B9722266CEE00738B31 /* SBrConstants.swift in Sources */ = {isa = PBXBuildFile; fileRef = AFE37B9622266CEE00738B31 /* SBrConstants.swift */; };
		AFE37B99222673A600738B31 /* SBrNavigationController.swift in Sources */ = {isa = PBXBuildFile; fileRef = AFE37B98222673A600738B31 /* SBrNavigationController.swift */; };
		C4555D2627AC5B65772B9CB4 /* Pods_SwiftBrandonTests.framework in Frameworks */ = {isa = PBXBuildFile; fileRef = F748ACBB2933700B6496EB26 /* Pods_SwiftBrandonTests.framework */; };
/* End PBXBuildFile section */

/* Begin PBXContainerItemProxy section */
		AFE37B472226586C00738B31 /* PBXContainerItemProxy */ = {
			isa = PBXContainerItemProxy;
			containerPortal = AFE37B2A2226586A00738B31 /* Project object */;
			proxyType = 1;
			remoteGlobalIDString = AFE37B312226586A00738B31;
			remoteInfo = SwiftBrandon;
		};
		AFE37B522226586C00738B31 /* PBXContainerItemProxy */ = {
			isa = PBXContainerItemProxy;
			containerPortal = AFE37B2A2226586A00738B31 /* Project object */;
			proxyType = 1;
			remoteGlobalIDString = AFE37B312226586A00738B31;
			remoteInfo = SwiftBrandon;
		};
/* End PBXContainerItemProxy section */

/* Begin PBXFileReference section */
		86A202A931B40A8C2D0B1D77 /* Pods-SwiftBrandon.debug.xcconfig */ = {isa = PBXFileReference; includeInIndex = 1; lastKnownFileType = text.xcconfig; name = "Pods-SwiftBrandon.debug.xcconfig"; path = "Pods/Target Support Files/Pods-SwiftBrandon/Pods-SwiftBrandon.debug.xcconfig"; sourceTree = "<group>"; };
		91DB197326C84DCE62BA207C /* Pods-SwiftBrandonTests.debug.xcconfig */ = {isa = PBXFileReference; includeInIndex = 1; lastKnownFileType = text.xcconfig; name = "Pods-SwiftBrandonTests.debug.xcconfig"; path = "Pods/Target Support Files/Pods-SwiftBrandonTests/Pods-SwiftBrandonTests.debug.xcconfig"; sourceTree = "<group>"; };
		95BA61F5BDDC1BFAB6AE6E5C /* Pods-SwiftBrandonUITests.release.xcconfig */ = {isa = PBXFileReference; includeInIndex = 1; lastKnownFileType = text.xcconfig; name = "Pods-SwiftBrandonUITests.release.xcconfig"; path = "Pods/Target Support Files/Pods-SwiftBrandonUITests/Pods-SwiftBrandonUITests.release.xcconfig"; sourceTree = "<group>"; };
		AF68F091223684D000F44B7B /* SBrBaseViewController.swift */ = {isa = PBXFileReference; lastKnownFileType = sourcecode.swift; path = SBrBaseViewController.swift; sourceTree = "<group>"; };
		AF68F093223684E500F44B7B /* SBrBaseView.swift */ = {isa = PBXFileReference; lastKnownFileType = sourcecode.swift; path = SBrBaseView.swift; sourceTree = "<group>"; };
		AF68F099223685E000F44B7B /* SBrHomeViewController.swift */ = {isa = PBXFileReference; lastKnownFileType = sourcecode.swift; path = SBrHomeViewController.swift; sourceTree = "<group>"; };
		AF68F09B223685ED00F44B7B /* SBrMessageViewController.swift */ = {isa = PBXFileReference; lastKnownFileType = sourcecode.swift; path = SBrMessageViewController.swift; sourceTree = "<group>"; };
		AF68F09D223685F900F44B7B /* SBrDiscoverViewController.swift */ = {isa = PBXFileReference; lastKnownFileType = sourcecode.swift; path = SBrDiscoverViewController.swift; sourceTree = "<group>"; };
		AF68F09F2236860400F44B7B /* SBrMineViewController.swift */ = {isa = PBXFileReference; lastKnownFileType = sourcecode.swift; path = SBrMineViewController.swift; sourceTree = "<group>"; };
		AF68F0A12236865D00F44B7B /* SBrSetViewController.swift */ = {isa = PBXFileReference; lastKnownFileType = sourcecode.swift; path = SBrSetViewController.swift; sourceTree = "<group>"; };
		AF68F0A822369DD600F44B7B /* navigationBar_back@2x.png */ = {isa = PBXFileReference; lastKnownFileType = image.png; path = "navigationBar_back@2x.png"; sourceTree = "<group>"; };
		AFE37B322226586A00738B31 /* SwiftBrandon.app */ = {isa = PBXFileReference; explicitFileType = wrapper.application; includeInIndex = 0; path = SwiftBrandon.app; sourceTree = BUILT_PRODUCTS_DIR; };
		AFE37B352226586A00738B31 /* AppDelegate.swift */ = {isa = PBXFileReference; lastKnownFileType = sourcecode.swift; path = AppDelegate.swift; sourceTree = "<group>"; };
		AFE37B372226586A00738B31 /* ViewController.swift */ = {isa = PBXFileReference; lastKnownFileType = sourcecode.swift; path = ViewController.swift; sourceTree = "<group>"; };
		AFE37B3A2226586A00738B31 /* Base */ = {isa = PBXFileReference; lastKnownFileType = file.storyboard; name = Base; path = Base.lproj/Main.storyboard; sourceTree = "<group>"; };
		AFE37B3C2226586C00738B31 /* Assets.xcassets */ = {isa = PBXFileReference; lastKnownFileType = folder.assetcatalog; path = Assets.xcassets; sourceTree = "<group>"; };
		AFE37B3F2226586C00738B31 /* Base */ = {isa = PBXFileReference; lastKnownFileType = file.storyboard; name = Base; path = Base.lproj/LaunchScreen.storyboard; sourceTree = "<group>"; };
		AFE37B412226586C00738B31 /* Info.plist */ = {isa = PBXFileReference; lastKnownFileType = text.plist.xml; path = Info.plist; sourceTree = "<group>"; };
		AFE37B462226586C00738B31 /* SwiftBrandonTests.xctest */ = {isa = PBXFileReference; explicitFileType = wrapper.cfbundle; includeInIndex = 0; path = SwiftBrandonTests.xctest; sourceTree = BUILT_PRODUCTS_DIR; };
		AFE37B4A2226586C00738B31 /* SwiftBrandonTests.swift */ = {isa = PBXFileReference; lastKnownFileType = sourcecode.swift; path = SwiftBrandonTests.swift; sourceTree = "<group>"; };
		AFE37B4C2226586C00738B31 /* Info.plist */ = {isa = PBXFileReference; lastKnownFileType = text.plist.xml; path = Info.plist; sourceTree = "<group>"; };
		AFE37B512226586C00738B31 /* SwiftBrandonUITests.xctest */ = {isa = PBXFileReference; explicitFileType = wrapper.cfbundle; includeInIndex = 0; path = SwiftBrandonUITests.xctest; sourceTree = BUILT_PRODUCTS_DIR; };
		AFE37B552226586C00738B31 /* SwiftBrandonUITests.swift */ = {isa = PBXFileReference; lastKnownFileType = sourcecode.swift; path = SwiftBrandonUITests.swift; sourceTree = "<group>"; };
		AFE37B572226586C00738B31 /* Info.plist */ = {isa = PBXFileReference; lastKnownFileType = text.plist.xml; path = Info.plist; sourceTree = "<group>"; };
		AFE37B6D22265DE100738B31 /* tabbar_background@2x.png */ = {isa = PBXFileReference; lastKnownFileType = image.png; path = "tabbar_background@2x.png"; sourceTree = "<group>"; };
		AFE37B6E22265DE100738B31 /* tabbar_home@2x.png */ = {isa = PBXFileReference; lastKnownFileType = image.png; path = "tabbar_home@2x.png"; sourceTree = "<group>"; };
		AFE37B6F22265DE100738B31 /* tabbar_discover_selected@2x.png */ = {isa = PBXFileReference; lastKnownFileType = image.png; path = "tabbar_discover_selected@2x.png"; sourceTree = "<group>"; };
		AFE37B7022265DE100738B31 /* tabbar_compose_button@2x.png */ = {isa = PBXFileReference; lastKnownFileType = image.png; path = "tabbar_compose_button@2x.png"; sourceTree = "<group>"; };
		AFE37B7122265DE100738B31 /* tabbar_message_center_selected@2x.png */ = {isa = PBXFileReference; lastKnownFileType = image.png; path = "tabbar_message_center_selected@2x.png"; sourceTree = "<group>"; };
		AFE37B7222265DE200738B31 /* tabbar_profile@2x.png */ = {isa = PBXFileReference; lastKnownFileType = image.png; path = "tabbar_profile@2x.png"; sourceTree = "<group>"; };
		AFE37B7322265DE200738B31 /* tabbar_profile_selected@2x.png */ = {isa = PBXFileReference; lastKnownFileType = image.png; path = "tabbar_profile_selected@2x.png"; sourceTree = "<group>"; };
		AFE37B7422265DE200738B31 /* tabbar_home_selected@2x.png */ = {isa = PBXFileReference; lastKnownFileType = image.png; path = "tabbar_home_selected@2x.png"; sourceTree = "<group>"; };
		AFE37B7522265DE200738B31 /* tabbar_compose_icon_add@2x.png */ = {isa = PBXFileReference; lastKnownFileType = image.png; path = "tabbar_compose_icon_add@2x.png"; sourceTree = "<group>"; };
		AFE37B7622265DE200738B31 /* tabbar_compose_button_highlighted@2x.png */ = {isa = PBXFileReference; lastKnownFileType = image.png; path = "tabbar_compose_button_highlighted@2x.png"; sourceTree = "<group>"; };
		AFE37B7722265DE200738B31 /* main_badge@2x.png */ = {isa = PBXFileReference; lastKnownFileType = image.png; path = "main_badge@2x.png"; sourceTree = "<group>"; };
		AFE37B7822265DE200738B31 /* tabbar_discover@2x.png */ = {isa = PBXFileReference; lastKnownFileType = image.png; path = "tabbar_discover@2x.png"; sourceTree = "<group>"; };
		AFE37B7922265DE200738B31 /* tabbar_compose_icon_add_highlighted@2x.png */ = {isa = PBXFileReference; lastKnownFileType = image.png; path = "tabbar_compose_icon_add_highlighted@2x.png"; sourceTree = "<group>"; };
		AFE37B7A22265DE200738B31 /* tabbar_message_center@2x.png */ = {isa = PBXFileReference; lastKnownFileType = image.png; path = "tabbar_message_center@2x.png"; sourceTree = "<group>"; };
		AFE37B8A22265E6F00738B31 /* SBrTabBar.swift */ = {isa = PBXFileReference; lastKnownFileType = sourcecode.swift; path = SBrTabBar.swift; sourceTree = "<group>"; };
		AFE37B8C22265E8800738B31 /* SBrTabBarController.swift */ = {isa = PBXFileReference; lastKnownFileType = sourcecode.swift; path = SBrTabBarController.swift; sourceTree = "<group>"; };
		AFE37B8E222664EA00738B31 /* SwiftBrandon-Bridging-Header.h */ = {isa = PBXFileReference; lastKnownFileType = sourcecode.c.h; path = "SwiftBrandon-Bridging-Header.h"; sourceTree = "<group>"; };
		AFE37B902226657B00738B31 /* UIView+SBrCategory.h */ = {isa = PBXFileReference; lastKnownFileType = sourcecode.c.h; path = "UIView+SBrCategory.h"; sourceTree = "<group>"; };
		AFE37B912226657B00738B31 /* UIView+SBrCategory.m */ = {isa = PBXFileReference; lastKnownFileType = sourcecode.c.objc; path = "UIView+SBrCategory.m"; sourceTree = "<group>"; };
		AFE37B9322266B0000738B31 /* UIColor+Utils.h */ = {isa = PBXFileReference; lastKnownFileType = sourcecode.c.h; path = "UIColor+Utils.h"; sourceTree = "<group>"; };
		AFE37B9422266B0000738B31 /* UIColor+Utils.m */ = {isa = PBXFileReference; lastKnownFileType = sourcecode.c.objc; path = "UIColor+Utils.m"; sourceTree = "<group>"; };
		AFE37B9622266CEE00738B31 /* SBrConstants.swift */ = {isa = PBXFileReference; lastKnownFileType = sourcecode.swift; path = SBrConstants.swift; sourceTree = "<group>"; };
		AFE37B98222673A600738B31 /* SBrNavigationController.swift */ = {isa = PBXFileReference; lastKnownFileType = sourcecode.swift; path = SBrNavigationController.swift; sourceTree = "<group>"; };
		AFE37B9B2226CCE900738B31 /* SBrPlayground.playground */ = {isa = PBXFileReference; lastKnownFileType = file.playground; path = SBrPlayground.playground; sourceTree = "<group>"; xcLanguageSpecificationIdentifier = xcode.lang.swift; };
		D0CCB740D8B22D0AF65E1224 /* Pods-SwiftBrandonTests.release.xcconfig */ = {isa = PBXFileReference; includeInIndex = 1; lastKnownFileType = text.xcconfig; name = "Pods-SwiftBrandonTests.release.xcconfig"; path = "Pods/Target Support Files/Pods-SwiftBrandonTests/Pods-SwiftBrandonTests.release.xcconfig"; sourceTree = "<group>"; };
		D46C182B3508FF72D1C1D578 /* Pods-SwiftBrandonUITests.debug.xcconfig */ = {isa = PBXFileReference; includeInIndex = 1; lastKnownFileType = text.xcconfig; name = "Pods-SwiftBrandonUITests.debug.xcconfig"; path = "Pods/Target Support Files/Pods-SwiftBrandonUITests/Pods-SwiftBrandonUITests.debug.xcconfig"; sourceTree = "<group>"; };
		D845638C5D4EB86247E8A4E0 /* Pods-SwiftBrandon.release.xcconfig */ = {isa = PBXFileReference; includeInIndex = 1; lastKnownFileType = text.xcconfig; name = "Pods-SwiftBrandon.release.xcconfig"; path = "Pods/Target Support Files/Pods-SwiftBrandon/Pods-SwiftBrandon.release.xcconfig"; sourceTree = "<group>"; };
		E25D3453E55F69C9A66E104D /* Pods_SwiftBrandon.framework */ = {isa = PBXFileReference; explicitFileType = wrapper.framework; includeInIndex = 0; path = Pods_SwiftBrandon.framework; sourceTree = BUILT_PRODUCTS_DIR; };
		EE4640E5E41CEBBE7D8A3F86 /* Pods_SwiftBrandonUITests.framework */ = {isa = PBXFileReference; explicitFileType = wrapper.framework; includeInIndex = 0; path = Pods_SwiftBrandonUITests.framework; sourceTree = BUILT_PRODUCTS_DIR; };
		F748ACBB2933700B6496EB26 /* Pods_SwiftBrandonTests.framework */ = {isa = PBXFileReference; explicitFileType = wrapper.framework; includeInIndex = 0; path = Pods_SwiftBrandonTests.framework; sourceTree = BUILT_PRODUCTS_DIR; };
/* End PBXFileReference section */

/* Begin PBXFrameworksBuildPhase section */
		AFE37B2F2226586A00738B31 /* Frameworks */ = {
			isa = PBXFrameworksBuildPhase;
			buildActionMask = 2147483647;
			files = (
				4A42B4964544CD562CE215AC /* Pods_SwiftBrandon.framework in Frameworks */,
			);
			runOnlyForDeploymentPostprocessing = 0;
		};
		AFE37B432226586C00738B31 /* Frameworks */ = {
			isa = PBXFrameworksBuildPhase;
			buildActionMask = 2147483647;
			files = (
				C4555D2627AC5B65772B9CB4 /* Pods_SwiftBrandonTests.framework in Frameworks */,
			);
			runOnlyForDeploymentPostprocessing = 0;
		};
		AFE37B4E2226586C00738B31 /* Frameworks */ = {
			isa = PBXFrameworksBuildPhase;
			buildActionMask = 2147483647;
			files = (
				0903221AC33FE1F8BE6311F9 /* Pods_SwiftBrandonUITests.framework in Frameworks */,
			);
			runOnlyForDeploymentPostprocessing = 0;
		};
/* End PBXFrameworksBuildPhase section */

/* Begin PBXGroup section */
		134CF71BAAB8B80716722F08 /* Frameworks */ = {
			isa = PBXGroup;
			children = (
				E25D3453E55F69C9A66E104D /* Pods_SwiftBrandon.framework */,
				F748ACBB2933700B6496EB26 /* Pods_SwiftBrandonTests.framework */,
				EE4640E5E41CEBBE7D8A3F86 /* Pods_SwiftBrandonUITests.framework */,
			);
			name = Frameworks;
			sourceTree = "<group>";
		};
		616DB5F49925488DF6F91A28 /* Pods */ = {
			isa = PBXGroup;
			children = (
				86A202A931B40A8C2D0B1D77 /* Pods-SwiftBrandon.debug.xcconfig */,
				D845638C5D4EB86247E8A4E0 /* Pods-SwiftBrandon.release.xcconfig */,
				91DB197326C84DCE62BA207C /* Pods-SwiftBrandonTests.debug.xcconfig */,
				D0CCB740D8B22D0AF65E1224 /* Pods-SwiftBrandonTests.release.xcconfig */,
				D46C182B3508FF72D1C1D578 /* Pods-SwiftBrandonUITests.debug.xcconfig */,
				95BA61F5BDDC1BFAB6AE6E5C /* Pods-SwiftBrandonUITests.release.xcconfig */,
			);
			name = Pods;
			sourceTree = "<group>";
		};
		AF68F08E2236845F00F44B7B /* Base */ = {
			isa = PBXGroup;
			children = (
				AF68F0902236847900F44B7B /* ViewController */,
				AF68F08F2236847100F44B7B /* View */,
			);
			path = Base;
			sourceTree = "<group>";
		};
		AF68F08F2236847100F44B7B /* View */ = {
			isa = PBXGroup;
			children = (
				AF68F093223684E500F44B7B /* SBrBaseView.swift */,
			);
			path = View;
			sourceTree = "<group>";
		};
		AF68F0902236847900F44B7B /* ViewController */ = {
			isa = PBXGroup;
			children = (
				AF68F091223684D000F44B7B /* SBrBaseViewController.swift */,
			);
			path = ViewController;
			sourceTree = "<group>";
		};
		AF68F0952236852900F44B7B /* Home */ = {
			isa = PBXGroup;
			children = (
				AF68F099223685E000F44B7B /* SBrHomeViewController.swift */,
			);
			path = Home;
			sourceTree = "<group>";
		};
		AF68F0962236853100F44B7B /* Message */ = {
			isa = PBXGroup;
			children = (
				AF68F09B223685ED00F44B7B /* SBrMessageViewController.swift */,
			);
			path = Message;
			sourceTree = "<group>";
		};
		AF68F0972236853B00F44B7B /* Discover */ = {
			isa = PBXGroup;
			children = (
				AF68F09D223685F900F44B7B /* SBrDiscoverViewController.swift */,
			);
			path = Discover;
			sourceTree = "<group>";
		};
		AF68F0982236854600F44B7B /* Mine */ = {
			isa = PBXGroup;
			children = (
				AF68F09F2236860400F44B7B /* SBrMineViewController.swift */,
				AF68F0A12236865D00F44B7B /* SBrSetViewController.swift */,
			);
			path = Mine;
			sourceTree = "<group>";
		};
		AF68F0A322369CEB00F44B7B /* Back */ = {
			isa = PBXGroup;
			children = (
				AF68F0A822369DD600F44B7B /* navigationBar_back@2x.png */,
			);
			path = Back;
			sourceTree = "<group>";
		};
		AFE37B292226586A00738B31 = {
			isa = PBXGroup;
			children = (
				AFE37B342226586A00738B31 /* SwiftBrandon */,
				AFE37B492226586C00738B31 /* SwiftBrandonTests */,
				AFE37B542226586C00738B31 /* SwiftBrandonUITests */,
				AFE37B332226586A00738B31 /* Products */,
				616DB5F49925488DF6F91A28 /* Pods */,
				134CF71BAAB8B80716722F08 /* Frameworks */,
			);
			sourceTree = "<group>";
		};
		AFE37B332226586A00738B31 /* Products */ = {
			isa = PBXGroup;
			children = (
				AFE37B322226586A00738B31 /* SwiftBrandon.app */,
				AFE37B462226586C00738B31 /* SwiftBrandonTests.xctest */,
				AFE37B512226586C00738B31 /* SwiftBrandonUITests.xctest */,
			);
			name = Products;
			sourceTree = "<group>";
		};
		AFE37B342226586A00738B31 /* SwiftBrandon */ = {
			isa = PBXGroup;
			children = (
				AFE37B6322265CCE00738B31 /* Classes */,
				AFE37B352226586A00738B31 /* AppDelegate.swift */,
				AFE37B372226586A00738B31 /* ViewController.swift */,
				AFE37B392226586A00738B31 /* Main.storyboard */,
				AFE37B3C2226586C00738B31 /* Assets.xcassets */,
				AFE37B3E2226586C00738B31 /* LaunchScreen.storyboard */,
				AFE37B412226586C00738B31 /* Info.plist */,
			);
			path = SwiftBrandon;
			sourceTree = "<group>";
		};
		AFE37B492226586C00738B31 /* SwiftBrandonTests */ = {
			isa = PBXGroup;
			children = (
				AFE37B4A2226586C00738B31 /* SwiftBrandonTests.swift */,
				AFE37B4C2226586C00738B31 /* Info.plist */,
			);
			path = SwiftBrandonTests;
			sourceTree = "<group>";
		};
		AFE37B542226586C00738B31 /* SwiftBrandonUITests */ = {
			isa = PBXGroup;
			children = (
				AFE37B552226586C00738B31 /* SwiftBrandonUITests.swift */,
				AFE37B572226586C00738B31 /* Info.plist */,
			);
			path = SwiftBrandonUITests;
			sourceTree = "<group>";
		};
		AFE37B6322265CCE00738B31 /* Classes */ = {
			isa = PBXGroup;
			children = (
				AF68F08E2236845F00F44B7B /* Base */,
				AFE37B9A2226CCD400738B31 /* Playgrounds */,
				AFE37B8922265E0B00738B31 /* SBrTabBarController */,
				AFE37B6A22265D3F00738B31 /* DataSource */,
				AFE37B6922265D3000738B31 /* Utilities */,
				AFE37B6822265D2500738B31 /* ViewControllers */,
				AFE37B6722265D1D00738B31 /* NetworkRequest */,
				AFE37B6622265D0F00738B31 /* Category */,
				AFE37B6522265D0500738B31 /* StoryBoard */,
				AFE37B6422265CFD00738B31 /* ThirdPartyLib */,
			);
			path = Classes;
			sourceTree = "<group>";
		};
		AFE37B6422265CFD00738B31 /* ThirdPartyLib */ = {
			isa = PBXGroup;
			children = (
			);
			path = ThirdPartyLib;
			sourceTree = "<group>";
		};
		AFE37B6522265D0500738B31 /* StoryBoard */ = {
			isa = PBXGroup;
			children = (
			);
			path = StoryBoard;
			sourceTree = "<group>";
		};
		AFE37B6622265D0F00738B31 /* Category */ = {
			isa = PBXGroup;
			children = (
				AFE37B902226657B00738B31 /* UIView+SBrCategory.h */,
				AFE37B912226657B00738B31 /* UIView+SBrCategory.m */,
				AFE37B9322266B0000738B31 /* UIColor+Utils.h */,
				AFE37B9422266B0000738B31 /* UIColor+Utils.m */,
			);
			path = Category;
			sourceTree = "<group>";
		};
		AFE37B6722265D1D00738B31 /* NetworkRequest */ = {
			isa = PBXGroup;
			children = (
			);
			path = NetworkRequest;
			sourceTree = "<group>";
		};
		AFE37B6822265D2500738B31 /* ViewControllers */ = {
			isa = PBXGroup;
			children = (
				AF68F0982236854600F44B7B /* Mine */,
				AF68F0972236853B00F44B7B /* Discover */,
				AF68F0962236853100F44B7B /* Message */,
				AF68F0952236852900F44B7B /* Home */,
			);
			path = ViewControllers;
			sourceTree = "<group>";
		};
		AFE37B6922265D3000738B31 /* Utilities */ = {
			isa = PBXGroup;
			children = (
				AFE37B8E222664EA00738B31 /* SwiftBrandon-Bridging-Header.h */,
				AFE37B9622266CEE00738B31 /* SBrConstants.swift */,
			);
			path = Utilities;
			sourceTree = "<group>";
		};
		AFE37B6A22265D3F00738B31 /* DataSource */ = {
			isa = PBXGroup;
			children = (
				AFE37B6B22265D4900738B31 /* Images */,
			);
			path = DataSource;
			sourceTree = "<group>";
		};
		AFE37B6B22265D4900738B31 /* Images */ = {
			isa = PBXGroup;
			children = (
				AF68F0A322369CEB00F44B7B /* Back */,
				AFE37B6C22265DD800738B31 /* TabBar */,
			);
			path = Images;
			sourceTree = "<group>";
		};
		AFE37B6C22265DD800738B31 /* TabBar */ = {
			isa = PBXGroup;
			children = (
				AFE37B7722265DE200738B31 /* main_badge@2x.png */,
				AFE37B6D22265DE100738B31 /* tabbar_background@2x.png */,
				AFE37B7622265DE200738B31 /* tabbar_compose_button_highlighted@2x.png */,
				AFE37B7022265DE100738B31 /* tabbar_compose_button@2x.png */,
				AFE37B7922265DE200738B31 /* tabbar_compose_icon_add_highlighted@2x.png */,
				AFE37B7522265DE200738B31 /* tabbar_compose_icon_add@2x.png */,
				AFE37B6F22265DE100738B31 /* tabbar_discover_selected@2x.png */,
				AFE37B7822265DE200738B31 /* tabbar_discover@2x.png */,
				AFE37B7422265DE200738B31 /* tabbar_home_selected@2x.png */,
				AFE37B6E22265DE100738B31 /* tabbar_home@2x.png */,
				AFE37B7122265DE100738B31 /* tabbar_message_center_selected@2x.png */,
				AFE37B7A22265DE200738B31 /* tabbar_message_center@2x.png */,
				AFE37B7322265DE200738B31 /* tabbar_profile_selected@2x.png */,
				AFE37B7222265DE200738B31 /* tabbar_profile@2x.png */,
			);
			path = TabBar;
			sourceTree = "<group>";
		};
		AFE37B8922265E0B00738B31 /* SBrTabBarController */ = {
			isa = PBXGroup;
			children = (
				AFE37B8A22265E6F00738B31 /* SBrTabBar.swift */,
				AFE37B8C22265E8800738B31 /* SBrTabBarController.swift */,
				AFE37B98222673A600738B31 /* SBrNavigationController.swift */,
			);
			path = SBrTabBarController;
			sourceTree = "<group>";
		};
		AFE37B9A2226CCD400738B31 /* Playgrounds */ = {
			isa = PBXGroup;
			children = (
				AFE37B9B2226CCE900738B31 /* SBrPlayground.playground */,
			);
			path = Playgrounds;
			sourceTree = "<group>";
		};
/* End PBXGroup section */

/* Begin PBXNativeTarget section */
		AFE37B312226586A00738B31 /* SwiftBrandon */ = {
			isa = PBXNativeTarget;
			buildConfigurationList = AFE37B5A2226586C00738B31 /* Build configuration list for PBXNativeTarget "SwiftBrandon" */;
			buildPhases = (
				1066B4A869FF45F5C8B2A056 /* [CP] Check Pods Manifest.lock */,
				AFE37B2E2226586A00738B31 /* Sources */,
				AFE37B2F2226586A00738B31 /* Frameworks */,
				AFE37B302226586A00738B31 /* Resources */,
				4D28A85B38F497F933CD9A56 /* [CP] Embed Pods Frameworks */,
			);
			buildRules = (
			);
			dependencies = (
			);
			name = SwiftBrandon;
			productName = SwiftBrandon;
			productReference = AFE37B322226586A00738B31 /* SwiftBrandon.app */;
			productType = "com.apple.product-type.application";
		};
		AFE37B452226586C00738B31 /* SwiftBrandonTests */ = {
			isa = PBXNativeTarget;
			buildConfigurationList = AFE37B5D2226586C00738B31 /* Build configuration list for PBXNativeTarget "SwiftBrandonTests" */;
			buildPhases = (
				3A7A09A95FA221C42E021B1F /* [CP] Check Pods Manifest.lock */,
				AFE37B422226586C00738B31 /* Sources */,
				AFE37B432226586C00738B31 /* Frameworks */,
				AFE37B442226586C00738B31 /* Resources */,
			);
			buildRules = (
			);
			dependencies = (
				AFE37B482226586C00738B31 /* PBXTargetDependency */,
			);
			name = SwiftBrandonTests;
			productName = SwiftBrandonTests;
			productReference = AFE37B462226586C00738B31 /* SwiftBrandonTests.xctest */;
			productType = "com.apple.product-type.bundle.unit-test";
		};
		AFE37B502226586C00738B31 /* SwiftBrandonUITests */ = {
			isa = PBXNativeTarget;
			buildConfigurationList = AFE37B602226586C00738B31 /* Build configuration list for PBXNativeTarget "SwiftBrandonUITests" */;
			buildPhases = (
				B0DA70480B6E1BB4E0DC4E0D /* [CP] Check Pods Manifest.lock */,
				AFE37B4D2226586C00738B31 /* Sources */,
				AFE37B4E2226586C00738B31 /* Frameworks */,
				AFE37B4F2226586C00738B31 /* Resources */,
			);
			buildRules = (
			);
			dependencies = (
				AFE37B532226586C00738B31 /* PBXTargetDependency */,
			);
			name = SwiftBrandonUITests;
			productName = SwiftBrandonUITests;
			productReference = AFE37B512226586C00738B31 /* SwiftBrandonUITests.xctest */;
			productType = "com.apple.product-type.bundle.ui-testing";
		};
/* End PBXNativeTarget section */

/* Begin PBXProject section */
		AFE37B2A2226586A00738B31 /* Project object */ = {
			isa = PBXProject;
			attributes = {
				LastSwiftUpdateCheck = 1000;
				LastUpgradeCheck = 1000;
				ORGANIZATIONNAME = yuhuiMr;
				TargetAttributes = {
					AFE37B312226586A00738B31 = {
						CreatedOnToolsVersion = 10.0;
						LastSwiftMigration = 1000;
					};
					AFE37B452226586C00738B31 = {
						CreatedOnToolsVersion = 10.0;
						TestTargetID = AFE37B312226586A00738B31;
					};
					AFE37B502226586C00738B31 = {
						CreatedOnToolsVersion = 10.0;
						TestTargetID = AFE37B312226586A00738B31;
					};
				};
			};
			buildConfigurationList = AFE37B2D2226586A00738B31 /* Build configuration list for PBXProject "SwiftBrandon" */;
			compatibilityVersion = "Xcode 9.3";
			developmentRegion = en;
			hasScannedForEncodings = 0;
			knownRegions = (
				en,
				Base,
			);
			mainGroup = AFE37B292226586A00738B31;
			productRefGroup = AFE37B332226586A00738B31 /* Products */;
			projectDirPath = "";
			projectRoot = "";
			targets = (
				AFE37B312226586A00738B31 /* SwiftBrandon */,
				AFE37B452226586C00738B31 /* SwiftBrandonTests */,
				AFE37B502226586C00738B31 /* SwiftBrandonUITests */,
			);
		};
/* End PBXProject section */

/* Begin PBXResourcesBuildPhase section */
		AFE37B302226586A00738B31 /* Resources */ = {
			isa = PBXResourcesBuildPhase;
			buildActionMask = 2147483647;
			files = (
				AFE37B7D22265DE200738B31 /* tabbar_discover_selected@2x.png in Resources */,
				AFE37B7B22265DE200738B31 /* tabbar_background@2x.png in Resources */,
				AFE37B8422265DE200738B31 /* tabbar_compose_button_highlighted@2x.png in Resources */,
				AFE37B7F22265DE200738B31 /* tabbar_message_center_selected@2x.png in Resources */,
				AFE37B8122265DE200738B31 /* tabbar_profile_selected@2x.png in Resources */,
				AFE37B8822265DE200738B31 /* tabbar_message_center@2x.png in Resources */,
				AFE37B8322265DE200738B31 /* tabbar_compose_icon_add@2x.png in Resources */,
				AFE37B8222265DE200738B31 /* tabbar_home_selected@2x.png in Resources */,
				AFE37B402226586C00738B31 /* LaunchScreen.storyboard in Resources */,
				AFE37B8722265DE200738B31 /* tabbar_compose_icon_add_highlighted@2x.png in Resources */,
				AFE37B8022265DE200738B31 /* tabbar_profile@2x.png in Resources */,
				AFE37B3D2226586C00738B31 /* Assets.xcassets in Resources */,
				AFE37B3B2226586A00738B31 /* Main.storyboard in Resources */,
				AFE37B8622265DE200738B31 /* tabbar_discover@2x.png in Resources */,
				AF68F0A922369DD600F44B7B /* navigationBar_back@2x.png in Resources */,
				AFE37B7E22265DE200738B31 /* tabbar_compose_button@2x.png in Resources */,
				AFE37B7C22265DE200738B31 /* tabbar_home@2x.png in Resources */,
				AFE37B8522265DE200738B31 /* main_badge@2x.png in Resources */,
			);
			runOnlyForDeploymentPostprocessing = 0;
		};
		AFE37B442226586C00738B31 /* Resources */ = {
			isa = PBXResourcesBuildPhase;
			buildActionMask = 2147483647;
			files = (
			);
			runOnlyForDeploymentPostprocessing = 0;
		};
		AFE37B4F2226586C00738B31 /* Resources */ = {
			isa = PBXResourcesBuildPhase;
			buildActionMask = 2147483647;
			files = (
			);
			runOnlyForDeploymentPostprocessing = 0;
		};
/* End PBXResourcesBuildPhase section */

/* Begin PBXShellScriptBuildPhase section */
		1066B4A869FF45F5C8B2A056 /* [CP] Check Pods Manifest.lock */ = {
			isa = PBXShellScriptBuildPhase;
			buildActionMask = 2147483647;
			files = (
			);
			inputFileListPaths = (
			);
			inputPaths = (
				"${PODS_PODFILE_DIR_PATH}/Podfile.lock",
				"${PODS_ROOT}/Manifest.lock",
			);
			name = "[CP] Check Pods Manifest.lock";
			outputFileListPaths = (
			);
			outputPaths = (
				"$(DERIVED_FILE_DIR)/Pods-SwiftBrandon-checkManifestLockResult.txt",
			);
			runOnlyForDeploymentPostprocessing = 0;
			shellPath = /bin/sh;
			shellScript = "diff \"${PODS_PODFILE_DIR_PATH}/Podfile.lock\" \"${PODS_ROOT}/Manifest.lock\" > /dev/null\nif [ $? != 0 ] ; then\n    # print error to STDERR\n    echo \"error: The sandbox is not in sync with the Podfile.lock. Run 'pod install' or update your CocoaPods installation.\" >&2\n    exit 1\nfi\n# This output is used by Xcode 'outputs' to avoid re-running this script phase.\necho \"SUCCESS\" > \"${SCRIPT_OUTPUT_FILE_0}\"\n";
			showEnvVarsInLog = 0;
		};
		3A7A09A95FA221C42E021B1F /* [CP] Check Pods Manifest.lock */ = {
			isa = PBXShellScriptBuildPhase;
			buildActionMask = 2147483647;
			files = (
			);
			inputFileListPaths = (
			);
			inputPaths = (
				"${PODS_PODFILE_DIR_PATH}/Podfile.lock",
				"${PODS_ROOT}/Manifest.lock",
			);
			name = "[CP] Check Pods Manifest.lock";
			outputFileListPaths = (
			);
			outputPaths = (
				"$(DERIVED_FILE_DIR)/Pods-SwiftBrandonTests-checkManifestLockResult.txt",
			);
			runOnlyForDeploymentPostprocessing = 0;
			shellPath = /bin/sh;
			shellScript = "diff \"${PODS_PODFILE_DIR_PATH}/Podfile.lock\" \"${PODS_ROOT}/Manifest.lock\" > /dev/null\nif [ $? != 0 ] ; then\n    # print error to STDERR\n    echo \"error: The sandbox is not in sync with the Podfile.lock. Run 'pod install' or update your CocoaPods installation.\" >&2\n    exit 1\nfi\n# This output is used by Xcode 'outputs' to avoid re-running this script phase.\necho \"SUCCESS\" > \"${SCRIPT_OUTPUT_FILE_0}\"\n";
			showEnvVarsInLog = 0;
		};
		4D28A85B38F497F933CD9A56 /* [CP] Embed Pods Frameworks */ = {
			isa = PBXShellScriptBuildPhase;
			buildActionMask = 2147483647;
			files = (
			);
			inputFileListPaths = (
			);
			inputPaths = (
				"${SRCROOT}/Pods/Target Support Files/Pods-SwiftBrandon/Pods-SwiftBrandon-frameworks.sh",
				"${BUILT_PRODUCTS_DIR}/Alamofire/Alamofire.framework",
				"${BUILT_PRODUCTS_DIR}/CocoaLumberjack/CocoaLumberjack.framework",
				"${BUILT_PRODUCTS_DIR}/SwiftyJSON/SwiftyJSON.framework",
			);
			name = "[CP] Embed Pods Frameworks";
			outputFileListPaths = (
			);
			outputPaths = (
				"${TARGET_BUILD_DIR}/${FRAMEWORKS_FOLDER_PATH}/Alamofire.framework",
				"${TARGET_BUILD_DIR}/${FRAMEWORKS_FOLDER_PATH}/CocoaLumberjack.framework",
				"${TARGET_BUILD_DIR}/${FRAMEWORKS_FOLDER_PATH}/SwiftyJSON.framework",
			);
			runOnlyForDeploymentPostprocessing = 0;
			shellPath = /bin/sh;
			shellScript = "\"${SRCROOT}/Pods/Target Support Files/Pods-SwiftBrandon/Pods-SwiftBrandon-frameworks.sh\"\n";
			showEnvVarsInLog = 0;
		};
		B0DA70480B6E1BB4E0DC4E0D /* [CP] Check Pods Manifest.lock */ = {
			isa = PBXShellScriptBuildPhase;
			buildActionMask = 2147483647;
			files = (
			);
			inputFileListPaths = (
			);
			inputPaths = (
				"${PODS_PODFILE_DIR_PATH}/Podfile.lock",
				"${PODS_ROOT}/Manifest.lock",
			);
			name = "[CP] Check Pods Manifest.lock";
			outputFileListPaths = (
			);
			outputPaths = (
				"$(DERIVED_FILE_DIR)/Pods-SwiftBrandonUITests-checkManifestLockResult.txt",
			);
			runOnlyForDeploymentPostprocessing = 0;
			shellPath = /bin/sh;
			shellScript = "diff \"${PODS_PODFILE_DIR_PATH}/Podfile.lock\" \"${PODS_ROOT}/Manifest.lock\" > /dev/null\nif [ $? != 0 ] ; then\n    # print error to STDERR\n    echo \"error: The sandbox is not in sync with the Podfile.lock. Run 'pod install' or update your CocoaPods installation.\" >&2\n    exit 1\nfi\n# This output is used by Xcode 'outputs' to avoid re-running this script phase.\necho \"SUCCESS\" > \"${SCRIPT_OUTPUT_FILE_0}\"\n";
			showEnvVarsInLog = 0;
		};
/* End PBXShellScriptBuildPhase section */

/* Begin PBXSourcesBuildPhase section */
		AFE37B2E2226586A00738B31 /* Sources */ = {
			isa = PBXSourcesBuildPhase;
			buildActionMask = 2147483647;
			files = (
				AF68F0A22236865D00F44B7B /* SBrSetViewController.swift in Sources */,
				AFE37B922226657B00738B31 /* UIView+SBrCategory.m in Sources */,
				AF68F09A223685E000F44B7B /* SBrHomeViewController.swift in Sources */,
				AFE37B9522266B0000738B31 /* UIColor+Utils.m in Sources */,
				AF68F0A02236860400F44B7B /* SBrMineViewController.swift in Sources */,
				AFE37B382226586A00738B31 /* ViewController.swift in Sources */,
				AF68F09C223685ED00F44B7B /* SBrMessageViewController.swift in Sources */,
				AF68F09E223685F900F44B7B /* SBrDiscoverViewController.swift in Sources */,
				AFE37B99222673A600738B31 /* SBrNavigationController.swift in Sources */,
				AFE37B9722266CEE00738B31 /* SBrConstants.swift in Sources */,
				AFE37B8B22265E6F00738B31 /* SBrTabBar.swift in Sources */,
				AFE37B362226586A00738B31 /* AppDelegate.swift in Sources */,
				AFE37B8D22265E8800738B31 /* SBrTabBarController.swift in Sources */,
				AF68F092223684D000F44B7B /* SBrBaseViewController.swift in Sources */,
				AF68F094223684E500F44B7B /* SBrBaseView.swift in Sources */,
			);
			runOnlyForDeploymentPostprocessing = 0;
		};
		AFE37B422226586C00738B31 /* Sources */ = {
			isa = PBXSourcesBuildPhase;
			buildActionMask = 2147483647;
			files = (
				AFE37B4B2226586C00738B31 /* SwiftBrandonTests.swift in Sources */,
			);
			runOnlyForDeploymentPostprocessing = 0;
		};
		AFE37B4D2226586C00738B31 /* Sources */ = {
			isa = PBXSourcesBuildPhase;
			buildActionMask = 2147483647;
			files = (
				AFE37B562226586C00738B31 /* SwiftBrandonUITests.swift in Sources */,
			);
			runOnlyForDeploymentPostprocessing = 0;
		};
/* End PBXSourcesBuildPhase section */

/* Begin PBXTargetDependency section */
		AFE37B482226586C00738B31 /* PBXTargetDependency */ = {
			isa = PBXTargetDependency;
			target = AFE37B312226586A00738B31 /* SwiftBrandon */;
			targetProxy = AFE37B472226586C00738B31 /* PBXContainerItemProxy */;
		};
		AFE37B532226586C00738B31 /* PBXTargetDependency */ = {
			isa = PBXTargetDependency;
			target = AFE37B312226586A00738B31 /* SwiftBrandon */;
			targetProxy = AFE37B522226586C00738B31 /* PBXContainerItemProxy */;
		};
/* End PBXTargetDependency section */

/* Begin PBXVariantGroup section */
		AFE37B392226586A00738B31 /* Main.storyboard */ = {
			isa = PBXVariantGroup;
			children = (
				AFE37B3A2226586A00738B31 /* Base */,
			);
			name = Main.storyboard;
			sourceTree = "<group>";
		};
		AFE37B3E2226586C00738B31 /* LaunchScreen.storyboard */ = {
			isa = PBXVariantGroup;
			children = (
				AFE37B3F2226586C00738B31 /* Base */,
			);
			name = LaunchScreen.storyboard;
			sourceTree = "<group>";
		};
/* End PBXVariantGroup section */

/* Begin XCBuildConfiguration section */
		AFE37B582226586C00738B31 /* Debug */ = {
			isa = XCBuildConfiguration;
			buildSettings = {
				ALWAYS_SEARCH_USER_PATHS = NO;
				CLANG_ANALYZER_NONNULL = YES;
				CLANG_ANALYZER_NUMBER_OBJECT_CONVERSION = YES_AGGRESSIVE;
				CLANG_CXX_LANGUAGE_STANDARD = "gnu++14";
				CLANG_CXX_LIBRARY = "libc++";
				CLANG_ENABLE_MODULES = YES;
				CLANG_ENABLE_OBJC_ARC = YES;
				CLANG_ENABLE_OBJC_WEAK = YES;
				CLANG_WARN_BLOCK_CAPTURE_AUTORELEASING = YES;
				CLANG_WARN_BOOL_CONVERSION = YES;
				CLANG_WARN_COMMA = YES;
				CLANG_WARN_CONSTANT_CONVERSION = YES;
				CLANG_WARN_DEPRECATED_OBJC_IMPLEMENTATIONS = YES;
				CLANG_WARN_DIRECT_OBJC_ISA_USAGE = YES_ERROR;
				CLANG_WARN_DOCUMENTATION_COMMENTS = YES;
				CLANG_WARN_EMPTY_BODY = YES;
				CLANG_WARN_ENUM_CONVERSION = YES;
				CLANG_WARN_INFINITE_RECURSION = YES;
				CLANG_WARN_INT_CONVERSION = YES;
				CLANG_WARN_NON_LITERAL_NULL_CONVERSION = YES;
				CLANG_WARN_OBJC_IMPLICIT_RETAIN_SELF = YES;
				CLANG_WARN_OBJC_LITERAL_CONVERSION = YES;
				CLANG_WARN_OBJC_ROOT_CLASS = YES_ERROR;
				CLANG_WARN_RANGE_LOOP_ANALYSIS = YES;
				CLANG_WARN_STRICT_PROTOTYPES = YES;
				CLANG_WARN_SUSPICIOUS_MOVE = YES;
				CLANG_WARN_UNGUARDED_AVAILABILITY = YES_AGGRESSIVE;
				CLANG_WARN_UNREACHABLE_CODE = YES;
				CLANG_WARN__DUPLICATE_METHOD_MATCH = YES;
				CODE_SIGN_IDENTITY = "iPhone Developer";
				COPY_PHASE_STRIP = NO;
				DEBUG_INFORMATION_FORMAT = dwarf;
				ENABLE_STRICT_OBJC_MSGSEND = YES;
				ENABLE_TESTABILITY = YES;
				GCC_C_LANGUAGE_STANDARD = gnu11;
				GCC_DYNAMIC_NO_PIC = NO;
				GCC_NO_COMMON_BLOCKS = YES;
				GCC_OPTIMIZATION_LEVEL = 0;
				GCC_PREPROCESSOR_DEFINITIONS = (
					"DEBUG=1",
					"$(inherited)",
				);
				GCC_WARN_64_TO_32_BIT_CONVERSION = YES;
				GCC_WARN_ABOUT_RETURN_TYPE = YES_ERROR;
				GCC_WARN_UNDECLARED_SELECTOR = YES;
				GCC_WARN_UNINITIALIZED_AUTOS = YES_AGGRESSIVE;
				GCC_WARN_UNUSED_FUNCTION = YES;
				GCC_WARN_UNUSED_VARIABLE = YES;
				IPHONEOS_DEPLOYMENT_TARGET = 12.0;
				MTL_ENABLE_DEBUG_INFO = INCLUDE_SOURCE;
				MTL_FAST_MATH = YES;
				ONLY_ACTIVE_ARCH = YES;
				SDKROOT = iphoneos;
				SWIFT_ACTIVE_COMPILATION_CONDITIONS = DEBUG;
				SWIFT_OPTIMIZATION_LEVEL = "-Onone";
			};
			name = Debug;
		};
		AFE37B592226586C00738B31 /* Release */ = {
			isa = XCBuildConfiguration;
			buildSettings = {
				ALWAYS_SEARCH_USER_PATHS = NO;
				CLANG_ANALYZER_NONNULL = YES;
				CLANG_ANALYZER_NUMBER_OBJECT_CONVERSION = YES_AGGRESSIVE;
				CLANG_CXX_LANGUAGE_STANDARD = "gnu++14";
				CLANG_CXX_LIBRARY = "libc++";
				CLANG_ENABLE_MODULES = YES;
				CLANG_ENABLE_OBJC_ARC = YES;
				CLANG_ENABLE_OBJC_WEAK = YES;
				CLANG_WARN_BLOCK_CAPTURE_AUTORELEASING = YES;
				CLANG_WARN_BOOL_CONVERSION = YES;
				CLANG_WARN_COMMA = YES;
				CLANG_WARN_CONSTANT_CONVERSION = YES;
				CLANG_WARN_DEPRECATED_OBJC_IMPLEMENTATIONS = YES;
				CLANG_WARN_DIRECT_OBJC_ISA_USAGE = YES_ERROR;
				CLANG_WARN_DOCUMENTATION_COMMENTS = YES;
				CLANG_WARN_EMPTY_BODY = YES;
				CLANG_WARN_ENUM_CONVERSION = YES;
				CLANG_WARN_INFINITE_RECURSION = YES;
				CLANG_WARN_INT_CONVERSION = YES;
				CLANG_WARN_NON_LITERAL_NULL_CONVERSION = YES;
				CLANG_WARN_OBJC_IMPLICIT_RETAIN_SELF = YES;
				CLANG_WARN_OBJC_LITERAL_CONVERSION = YES;
				CLANG_WARN_OBJC_ROOT_CLASS = YES_ERROR;
				CLANG_WARN_RANGE_LOOP_ANALYSIS = YES;
				CLANG_WARN_STRICT_PROTOTYPES = YES;
				CLANG_WARN_SUSPICIOUS_MOVE = YES;
				CLANG_WARN_UNGUARDED_AVAILABILITY = YES_AGGRESSIVE;
				CLANG_WARN_UNREACHABLE_CODE = YES;
				CLANG_WARN__DUPLICATE_METHOD_MATCH = YES;
				CODE_SIGN_IDENTITY = "iPhone Developer";
				COPY_PHASE_STRIP = NO;
				DEBUG_INFORMATION_FORMAT = "dwarf-with-dsym";
				ENABLE_NS_ASSERTIONS = NO;
				ENABLE_STRICT_OBJC_MSGSEND = YES;
				GCC_C_LANGUAGE_STANDARD = gnu11;
				GCC_NO_COMMON_BLOCKS = YES;
				GCC_WARN_64_TO_32_BIT_CONVERSION = YES;
				GCC_WARN_ABOUT_RETURN_TYPE = YES_ERROR;
				GCC_WARN_UNDECLARED_SELECTOR = YES;
				GCC_WARN_UNINITIALIZED_AUTOS = YES_AGGRESSIVE;
				GCC_WARN_UNUSED_FUNCTION = YES;
				GCC_WARN_UNUSED_VARIABLE = YES;
				IPHONEOS_DEPLOYMENT_TARGET = 12.0;
				MTL_ENABLE_DEBUG_INFO = NO;
				MTL_FAST_MATH = YES;
				SDKROOT = iphoneos;
				SWIFT_COMPILATION_MODE = wholemodule;
				SWIFT_OPTIMIZATION_LEVEL = "-O";
				VALIDATE_PRODUCT = YES;
			};
			name = Release;
		};
		AFE37B5B2226586C00738B31 /* Debug */ = {
			isa = XCBuildConfiguration;
			baseConfigurationReference = 86A202A931B40A8C2D0B1D77 /* Pods-SwiftBrandon.debug.xcconfig */;
			buildSettings = {
				ASSETCATALOG_COMPILER_APPICON_NAME = AppIcon;
				CLANG_ENABLE_MODULES = YES;
				CODE_SIGN_STYLE = Automatic;
				INFOPLIST_FILE = SwiftBrandon/Info.plist;
				LD_RUNPATH_SEARCH_PATHS = (
					"$(inherited)",
					"@executable_path/Frameworks",
				);
				PRODUCT_BUNDLE_IDENTIFIER = com.yuhuiMr.SwiftBrandon;
				PRODUCT_NAME = "$(TARGET_NAME)";
				SWIFT_OBJC_BRIDGING_HEADER = "SwiftBrandon/Classes/Utilities/SwiftBrandon-Bridging-Header.h";
				SWIFT_OPTIMIZATION_LEVEL = "-Onone";
				SWIFT_VERSION = 4.2;
				TARGETED_DEVICE_FAMILY = "1,2";
			};
			name = Debug;
		};
		AFE37B5C2226586C00738B31 /* Release */ = {
			isa = XCBuildConfiguration;
			baseConfigurationReference = D845638C5D4EB86247E8A4E0 /* Pods-SwiftBrandon.release.xcconfig */;
			buildSettings = {
				ASSETCATALOG_COMPILER_APPICON_NAME = AppIcon;
				CLANG_ENABLE_MODULES = YES;
				CODE_SIGN_STYLE = Automatic;
				INFOPLIST_FILE = SwiftBrandon/Info.plist;
				LD_RUNPATH_SEARCH_PATHS = (
					"$(inherited)",
					"@executable_path/Frameworks",
				);
				PRODUCT_BUNDLE_IDENTIFIER = com.yuhuiMr.SwiftBrandon;
				PRODUCT_NAME = "$(TARGET_NAME)";
				SWIFT_OBJC_BRIDGING_HEADER = "SwiftBrandon/Classes/Utilities/SwiftBrandon-Bridging-Header.h";
				SWIFT_VERSION = 4.2;
				TARGETED_DEVICE_FAMILY = "1,2";
			};
			name = Release;
		};
		AFE37B5E2226586C00738B31 /* Debug */ = {
			isa = XCBuildConfiguration;
			baseConfigurationReference = 91DB197326C84DCE62BA207C /* Pods-SwiftBrandonTests.debug.xcconfig */;
			buildSettings = {
				ALWAYS_EMBED_SWIFT_STANDARD_LIBRARIES = YES;
				BUNDLE_LOADER = "$(TEST_HOST)";
				CODE_SIGN_STYLE = Automatic;
				INFOPLIST_FILE = SwiftBrandonTests/Info.plist;
				LD_RUNPATH_SEARCH_PATHS = (
					"$(inherited)",
					"@executable_path/Frameworks",
					"@loader_path/Frameworks",
				);
				PRODUCT_BUNDLE_IDENTIFIER = com.yuhuiMr.SwiftBrandonTests;
				PRODUCT_NAME = "$(TARGET_NAME)";
				SWIFT_VERSION = 4.2;
				TARGETED_DEVICE_FAMILY = "1,2";
				TEST_HOST = "$(BUILT_PRODUCTS_DIR)/SwiftBrandon.app/SwiftBrandon";
			};
			name = Debug;
		};
		AFE37B5F2226586C00738B31 /* Release */ = {
			isa = XCBuildConfiguration;
			baseConfigurationReference = D0CCB740D8B22D0AF65E1224 /* Pods-SwiftBrandonTests.release.xcconfig */;
			buildSettings = {
				ALWAYS_EMBED_SWIFT_STANDARD_LIBRARIES = YES;
				BUNDLE_LOADER = "$(TEST_HOST)";
				CODE_SIGN_STYLE = Automatic;
				INFOPLIST_FILE = SwiftBrandonTests/Info.plist;
				LD_RUNPATH_SEARCH_PATHS = (
					"$(inherited)",
					"@executable_path/Frameworks",
					"@loader_path/Frameworks",
				);
				PRODUCT_BUNDLE_IDENTIFIER = com.yuhuiMr.SwiftBrandonTests;
				PRODUCT_NAME = "$(TARGET_NAME)";
				SWIFT_VERSION = 4.2;
				TARGETED_DEVICE_FAMILY = "1,2";
				TEST_HOST = "$(BUILT_PRODUCTS_DIR)/SwiftBrandon.app/SwiftBrandon";
			};
			name = Release;
		};
		AFE37B612226586C00738B31 /* Debug */ = {
			isa = XCBuildConfiguration;
			baseConfigurationReference = D46C182B3508FF72D1C1D578 /* Pods-SwiftBrandonUITests.debug.xcconfig */;
			buildSettings = {
				ALWAYS_EMBED_SWIFT_STANDARD_LIBRARIES = YES;
				CODE_SIGN_STYLE = Automatic;
				INFOPLIST_FILE = SwiftBrandonUITests/Info.plist;
				LD_RUNPATH_SEARCH_PATHS = (
					"$(inherited)",
					"@executable_path/Frameworks",
					"@loader_path/Frameworks",
				);
				PRODUCT_BUNDLE_IDENTIFIER = com.yuhuiMr.SwiftBrandonUITests;
				PRODUCT_NAME = "$(TARGET_NAME)";
				SWIFT_VERSION = 4.2;
				TARGETED_DEVICE_FAMILY = "1,2";
				TEST_TARGET_NAME = SwiftBrandon;
			};
			name = Debug;
		};
		AFE37B622226586C00738B31 /* Release */ = {
			isa = XCBuildConfiguration;
			baseConfigurationReference = 95BA61F5BDDC1BFAB6AE6E5C /* Pods-SwiftBrandonUITests.release.xcconfig */;
			buildSettings = {
				ALWAYS_EMBED_SWIFT_STANDARD_LIBRARIES = YES;
				CODE_SIGN_STYLE = Automatic;
				INFOPLIST_FILE = SwiftBrandonUITests/Info.plist;
				LD_RUNPATH_SEARCH_PATHS = (
					"$(inherited)",
					"@executable_path/Frameworks",
					"@loader_path/Frameworks",
				);
				PRODUCT_BUNDLE_IDENTIFIER = com.yuhuiMr.SwiftBrandonUITests;
				PRODUCT_NAME = "$(TARGET_NAME)";
				SWIFT_VERSION = 4.2;
				TARGETED_DEVICE_FAMILY = "1,2";
				TEST_TARGET_NAME = SwiftBrandon;
			};
			name = Release;
		};
/* End XCBuildConfiguration section */

/* Begin XCConfigurationList section */
		AFE37B2D2226586A00738B31 /* Build configuration list for PBXProject "SwiftBrandon" */ = {
			isa = XCConfigurationList;
			buildConfigurations = (
				AFE37B582226586C00738B31 /* Debug */,
				AFE37B592226586C00738B31 /* Release */,
			);
			defaultConfigurationIsVisible = 0;
			defaultConfigurationName = Release;
		};
		AFE37B5A2226586C00738B31 /* Build configuration list for PBXNativeTarget "SwiftBrandon" */ = {
			isa = XCConfigurationList;
			buildConfigurations = (
				AFE37B5B2226586C00738B31 /* Debug */,
				AFE37B5C2226586C00738B31 /* Release */,
			);
			defaultConfigurationIsVisible = 0;
			defaultConfigurationName = Release;
		};
		AFE37B5D2226586C00738B31 /* Build configuration list for PBXNativeTarget "SwiftBrandonTests" */ = {
			isa = XCConfigurationList;
			buildConfigurations = (
				AFE37B5E2226586C00738B31 /* Debug */,
				AFE37B5F2226586C00738B31 /* Release */,
			);
			defaultConfigurationIsVisible = 0;
			defaultConfigurationName = Release;
		};
		AFE37B602226586C00738B31 /* Build configuration list for PBXNativeTarget "SwiftBrandonUITests" */ = {
			isa = XCConfigurationList;
			buildConfigurations = (
				AFE37B612226586C00738B31 /* Debug */,
				AFE37B622226586C00738B31 /* Release */,
			);
			defaultConfigurationIsVisible = 0;
			defaultConfigurationName = Release;
		};
/* End XCConfigurationList section */
	};
	rootObject = AFE37B2A2226586A00738B31 /* Project object */;
}
